
Microsoft Visual Studio Solution File, Format Version 12.00
# Visual Studio 15
Project("{FAE04EC0-301F-11D3-BF4B-00C04F79EFBC}") = "Unity.MemoryProfiler.Editor", "Unity.MemoryProfiler.Editor.csproj", "{8A9B833D-C83E-C113-6731-8E7D436FA434}"
EndProject
Project("{FAE04EC0-301F-11D3-BF4B-00C04F79EFBC}") = "Unity.Timeline", "Unity.Timeline.csproj", "{9DBEB4A1-1C6A-D42F-5A0F-FB81FDD96814}"
EndProject
Project("{FAE04EC0-301F-11D3-BF4B-00C04F79EFBC}") = "Unity.ShaderGraph.Editor", "Unity.ShaderGraph.Editor.csproj", "{A11A4D3B-B3EE-BF99-9F2C-9161B2A2306E}"
EndProject
Project("{FAE04EC0-301F-11D3-BF4B-00C04F79EFBC}") = "Unity.Serialization", "Unity.Serialization.csproj", "{D3BFBC1B-6536-7948-412B-782584CE25F6}"
EndProject
Project("{FAE04EC0-301F-11D3-BF4B-00C04F79EFBC}") = "Unity.RenderPipelines.Universal.Runtime", "Unity.RenderPipelines.Universal.Runtime.csproj", "{5D58E8F4-F05E-C95B-BF6F-15AD8031F286}"
EndProject
Project("{FAE04EC0-301F-11D3-BF4B-00C04F79EFBC}") = "UnityEditor.UI", "UnityEditor.UI.csproj", "{9CB3B765-C4F7-6DFF-BF41-F01D8C8CE9C9}"
EndProject
Project("{FAE04EC0-301F-11D3-BF4B-00C04F79EFBC}") = "Unity.Timeline.Editor", "Unity.Timeline.Editor.csproj", "{5248FD0F-6EF4-09E9-37C2-216FD8838A34}"
EndProject
Project("{FAE04EC0-301F-11D3-BF4B-00C04F79EFBC}") = "Unity.PlasticSCM.Editor", "Unity.PlasticSCM.Editor.csproj", "{9C2D16A9-BF06-9B28-BD33-AF93E18AD582}"
EndProject
Project("{FAE04EC0-301F-11D3-BF4B-00C04F79EFBC}") = "Unity.RenderPipelines.Core.Runtime", "Unity.RenderPipelines.Core.Runtime.csproj", "{5467EDE8-6E2A-AACA-C20F-B9D3E9E44981}"
EndProject
Project("{FAE04EC0-301F-11D3-BF4B-00C04F79EFBC}") = "Unity.Splines.Editor", "Unity.Splines.Editor.csproj", "{03704012-ADDC-D2AF-741A-8ACF689D8277}"
EndProject
Project("{FAE04EC0-301F-11D3-BF4B-00C04F79EFBC}") = "Unity.Mathematics", "Unity.Mathematics.csproj", "{F698730B-3314-B9FF-70A2-B44FD02870C7}"
EndProject
Project("{FAE04EC0-301F-11D3-BF4B-00C04F79EFBC}") = "Animancer.FSM", "Animancer.FSM.csproj", "{800E7DD8-CA81-7AEE-BD7C-7DB36927F9D9}"
EndProject
Project("{FAE04EC0-301F-11D3-BF4B-00C04F79EFBC}") = "Unity.RenderPipelines.Core.Editor", "Unity.RenderPipelines.Core.Editor.csproj", "{52799F79-9A41-AE8C-9D47-425CD21C98DE}"
EndProject
Project("{FAE04EC0-301F-11D3-BF4B-00C04F79EFBC}") = "Unity.2D.Common.Path.Editor", "Unity.2D.Common.Path.Editor.csproj", "{45FF5243-6AA4-13E2-9D28-6F23EF8DFF01}"
EndProject
Project("{FAE04EC0-301F-11D3-BF4B-00C04F79EFBC}") = "Unity.2D.Psdimporter.Editor", "Unity.2D.Psdimporter.Editor.csproj", "{07598C5A-FCC3-5A58-1C3E-C321478C8C72}"
EndProject
Project("{FAE04EC0-301F-11D3-BF4B-00C04F79EFBC}") = "Unity.Collections", "Unity.Collections.csproj", "{80A6A6A7-B396-D092-4C9E-CFF342A8C0ED}"
EndProject
Project("{FAE04EC0-301F-11D3-BF4B-00C04F79EFBC}") = "Unity.2D.IK.Runtime", "Unity.2D.IK.Runtime.csproj", "{A52C39D8-5489-9295-A197-6869CC30F8B3}"
EndProject
Project("{FAE04EC0-301F-11D3-BF4B-00C04F79EFBC}") = "UnityEditor.TestRunner", "UnityEditor.TestRunner.csproj", "{8482858A-6692-152B-6929-98E9AC021670}"
EndProject
Project("{FAE04EC0-301F-11D3-BF4B-00C04F79EFBC}") = "Unity.InputSystem", "Unity.InputSystem.csproj", "{76F7FFB7-1A9E-699E-EAF3-9825AAF083FB}"
EndProject
Project("{FAE04EC0-301F-11D3-BF4B-00C04F79EFBC}") = "Unity.RenderPipelines.Universal.Editor", "Unity.RenderPipelines.Universal.Editor.csproj", "{F4711F12-7344-A490-AE85-B8EFF4AFBC43}"
EndProject
Project("{FAE04EC0-301F-11D3-BF4B-00C04F79EFBC}") = "Unity.TextMeshPro.Editor", "Unity.TextMeshPro.Editor.csproj", "{22619ACD-56AB-39F9-ED56-6E4CD3364958}"
EndProject
Project("{FAE04EC0-301F-11D3-BF4B-00C04F79EFBC}") = "UnityEngine.TestRunner", "UnityEngine.TestRunner.csproj", "{FB5A58C2-D733-8F8C-C6C4-754F97D315E0}"
EndProject
Project("{FAE04EC0-301F-11D3-BF4B-00C04F79EFBC}") = "Assembly-CSharp", "Assembly-CSharp.csproj", "{710541FA-2CDE-AFED-8040-796E32FF2FBC}"
EndProject
Project("{FAE04EC0-301F-11D3-BF4B-00C04F79EFBC}") = "Unity.2D.Tilemap.Editor", "Unity.2D.Tilemap.Editor.csproj", "{71BDE946-9DE1-EE97-65EB-7773CA34E45D}"
EndProject
Project("{FAE04EC0-301F-11D3-BF4B-00C04F79EFBC}") = "Unity.Searcher.Editor", "Unity.Searcher.Editor.csproj", "{177B9E2A-EA41-B0B5-79E0-56CA5F6B5493}"
EndProject
Project("{FAE04EC0-301F-11D3-BF4B-00C04F79EFBC}") = "Unity.Burst", "Unity.Burst.csproj", "{20729C94-1117-1EA1-0518-C2B95A8E1A7B}"
EndProject
Project("{FAE04EC0-301F-11D3-BF4B-00C04F79EFBC}") = "Assembly-CSharp-Editor", "Assembly-CSharp-Editor.csproj", "{E8131769-A345-7FD5-FEED-B57CB47737C8}"
EndProject
Project("{FAE04EC0-301F-11D3-BF4B-00C04F79EFBC}") = "PsdPlugin", "PsdPlugin.csproj", "{95ECB715-92EE-52E4-5EE8-514CB4EC313A}"
EndProject
Project("{FAE04EC0-301F-11D3-BF4B-00C04F79EFBC}") = "Unity.AI.Navigation.Editor", "Unity.AI.Navigation.Editor.csproj", "{EE93DE0C-E34B-51F5-AB39-60A156A491E0}"
EndProject
Project("{FAE04EC0-301F-11D3-BF4B-00C04F79EFBC}") = "Cinemachine", "Cinemachine.csproj", "{F355DCBA-6B85-EB3D-73B3-FCF269F93464}"
EndProject
Project("{FAE04EC0-301F-11D3-BF4B-00C04F79EFBC}") = "Unity.2D.Animation.Editor", "Unity.2D.Animation.Editor.csproj", "{99CD1E13-D10E-A8A4-E836-0972C00DD6A8}"
EndProject
Project("{FAE04EC0-301F-11D3-BF4B-00C04F79EFBC}") = "Unity.2D.SpriteShape.Editor", "Unity.2D.SpriteShape.Editor.csproj", "{27F43F02-4D03-FD7D-3E80-D484C4458CC0}"
EndProject
Project("{FAE04EC0-301F-11D3-BF4B-00C04F79EFBC}") = "Unity.VisualStudio.Editor", "Unity.VisualStudio.Editor.csproj", "{6422C7E8-19E0-CC22-195D-7258C5557D17}"
EndProject
Project("{FAE04EC0-301F-11D3-BF4B-00C04F79EFBC}") = "Animancer", "Animancer.csproj", "{FBE0622E-FF79-9E06-8DCD-CCBCACE05E3D}"
EndProject
Project("{FAE04EC0-301F-11D3-BF4B-00C04F79EFBC}") = "PPv2URPConverters", "PPv2URPConverters.csproj", "{69F0D89A-4195-851B-243B-35439EEE8D08}"
EndProject
Project("{FAE04EC0-301F-11D3-BF4B-00C04F79EFBC}") = "Unity.Rider.Editor", "Unity.Rider.Editor.csproj", "{A7F2C32F-BD76-4810-3644-4D4993B8CE0B}"
EndProject
Project("{FAE04EC0-301F-11D3-BF4B-00C04F79EFBC}") = "Unity.InternalAPIEditorBridge.001", "Unity.InternalAPIEditorBridge.001.csproj", "{5A09194C-25D1-9F4A-D07F-BE66E43F3E12}"
EndProject
Project("{FAE04EC0-301F-11D3-BF4B-00C04F79EFBC}") = "Unity.2D.SpriteShape.Runtime", "Unity.2D.SpriteShape.Runtime.csproj", "{9BDB7DA4-73B6-027E-BA37-47FA9B0111FF}"
EndProject
Project("{FAE04EC0-301F-11D3-BF4B-00C04F79EFBC}") = "FMODUnityEditor", "FMODUnityEditor.csproj", "{7F50F150-77A6-E6A1-71BF-A754B387DA3C}"
EndProject
Project("{FAE04EC0-301F-11D3-BF4B-00C04F79EFBC}") = "Unity.AI.Navigation.Editor.ConversionSystem", "Unity.AI.Navigation.Editor.ConversionSystem.csproj", "{1CD92807-EB45-5722-E297-74029432956D}"
EndProject
Project("{FAE04EC0-301F-11D3-BF4B-00C04F79EFBC}") = "com.unity.cinemachine.editor", "com.unity.cinemachine.editor.csproj", "{B4646C93-0A5D-D6EC-DC6B-48322D870B84}"
EndProject
Project("{FAE04EC0-301F-11D3-BF4B-00C04F79EFBC}") = "Animancer.Examples", "Animancer.Examples.csproj", "{876F74A1-5A07-1503-F29A-FB40991A230D}"
EndProject
Project("{FAE04EC0-301F-11D3-BF4B-00C04F79EFBC}") = "UnityEngine.UI", "UnityEngine.UI.csproj", "{918E76FB-7A97-34AE-E183-CC4938EC7FBB}"
EndProject
Project("{FAE04EC0-301F-11D3-BF4B-00C04F79EFBC}") = "Unity.Burst.CodeGen", "Unity.Burst.CodeGen.csproj", "{6676B667-67C1-D003-5B55-38167561260B}"
EndProject
Project("{FAE04EC0-301F-11D3-BF4B-00C04F79EFBC}") = "Unity.Postprocessing.Runtime", "Unity.Postprocessing.Runtime.csproj", "{4CEDEF02-2486-8C20-9D1A-D83751B6D214}"
EndProject
Project("{FAE04EC0-301F-11D3-BF4B-00C04F79EFBC}") = "Unity.RenderPipeline.Universal.ShaderLibrary", "Unity.RenderPipeline.Universal.ShaderLibrary.csproj", "{19315216-7436-6F08-9817-C9D8C02FE622}"
EndProject
Project("{FAE04EC0-301F-11D3-BF4B-00C04F79EFBC}") = "Unity.Postprocessing.Editor", "Unity.Postprocessing.Editor.csproj", "{44D07895-99A2-3882-2C54-25EC9957C952}"
EndProject
Project("{FAE04EC0-301F-11D3-BF4B-00C04F79EFBC}") = "Unity.AI.Navigation", "Unity.AI.Navigation.csproj", "{3A5AADE6-C896-DA20-3FC1-FBE7A31555C4}"
EndProject
Project("{FAE04EC0-301F-11D3-BF4B-00C04F79EFBC}") = "Unity.TextMeshPro", "Unity.TextMeshPro.csproj", "{90AA7E6A-BF33-BB02-4DB8-BF9AF17C1794}"
EndProject
Project("{FAE04EC0-301F-11D3-BF4B-00C04F79EFBC}") = "Unity.Splines", "Unity.Splines.csproj", "{82822A4D-747E-BAB2-B4A1-0BFB7E7D2701}"
EndProject
Project("{FAE04EC0-301F-11D3-BF4B-00C04F79EFBC}") = "Unity.2D.Tilemap.Extras.Editor", "Unity.2D.Tilemap.Extras.Editor.csproj", "{51578AA7-0700-E216-9253-F22275295B02}"
EndProject
Project("{FAE04EC0-301F-11D3-BF4B-00C04F79EFBC}") = "Unity.2D.Animation.Runtime", "Unity.2D.Animation.Runtime.csproj", "{8BFE0491-A901-598C-564E-2DED426330D5}"
EndProject
Project("{FAE04EC0-301F-11D3-BF4B-00C04F79EFBC}") = "Unity.VSCode.Editor", "Unity.VSCode.Editor.csproj", "{76DE5CAA-94B5-254C-9AF3-E94EB1ACF910}"
EndProject
Project("{FAE04EC0-301F-11D3-BF4B-00C04F79EFBC}") = "Unity.2D.IK.Editor", "Unity.2D.IK.Editor.csproj", "{5D862DA7-6C45-E46F-7B65-228ED2930A59}"
EndProject
Project("{FAE04EC0-301F-11D3-BF4B-00C04F79EFBC}") = "Unity.InternalAPIEngineBridge.001", "Unity.InternalAPIEngineBridge.001.csproj", "{714796EC-7D67-CE73-EAD4-D0C3887C5F2C}"
EndProject
Project("{FAE04EC0-301F-11D3-BF4B-00C04F79EFBC}") = "Unity.Burst.Editor", "Unity.Burst.Editor.csproj", "{F02CE692-2808-2955-413E-0BF71B015CC3}"
EndProject
Project("{FAE04EC0-301F-11D3-BF4B-00C04F79EFBC}") = "Unity.2D.Common.Editor", "Unity.2D.Common.Editor.csproj", "{466491E0-66AC-A89C-053F-33FEF1CBC258}"
EndProject
Project("{FAE04EC0-301F-11D3-BF4B-00C04F79EFBC}") = "Unity.AI.Navigation.Updater", "Unity.AI.Navigation.Updater.csproj", "{14032B63-20AE-C6F5-E79D-24D0F3A6CF0A}"
EndProject
Project("{FAE04EC0-301F-11D3-BF4B-00C04F79EFBC}") = "Unity.Settings.Editor", "Unity.Settings.Editor.csproj", "{EAAE65CC-5A24-6769-DF8B-2D86DBEB5D59}"
EndProject
Project("{FAE04EC0-301F-11D3-BF4B-00C04F79EFBC}") = "Unity.2D.PixelPerfect", "Unity.2D.PixelPerfect.csproj", "{2930E48A-F635-758A-B478-8385EFA0DB92}"
EndProject
Project("{FAE04EC0-301F-11D3-BF4B-00C04F79EFBC}") = "FMODUnityResonanceEditor", "FMODUnityResonanceEditor.csproj", "{53BECF23-CC25-17AD-FF53-D4308F7947BC}"
EndProject
Project("{FAE04EC0-301F-11D3-BF4B-00C04F79EFBC}") = "Unity.2D.PixelPerfect.Editor", "Unity.2D.PixelPerfect.Editor.csproj", "{41056C7A-E58E-1A59-492B-7885CACB1365}"
EndProject
Project("{FAE04EC0-301F-11D3-BF4B-00C04F79EFBC}") = "Unity.2D.Common.Runtime", "Unity.2D.Common.Runtime.csproj", "{0B77F2C9-F152-00ED-E7EE-F8F95AF9E08A}"
EndProject
Project("{FAE04EC0-301F-11D3-BF4B-00C04F79EFBC}") = "Unity.2D.Sprite.Editor", "Unity.2D.Sprite.Editor.csproj", "{EBED5666-17C2-3068-5C8D-A8C22FB5B351}"
EndProject
Project("{FAE04EC0-301F-11D3-BF4B-00C04F79EFBC}") = "Unity.MemoryProfiler.Editor.MemoryProfilerModule", "Unity.MemoryProfiler.Editor.MemoryProfilerModule.csproj", "{03E83B60-CEDD-01F5-D5F0-B0B8224497AA}"
EndProject
Project("{FAE04EC0-301F-11D3-BF4B-00C04F79EFBC}") = "FMODUnity", "FMODUnity.csproj", "{B1DCF1A4-43C0-9440-3EC2-FBD6C29782E9}"
EndProject
Project("{FAE04EC0-301F-11D3-BF4B-00C04F79EFBC}") = "Unity.InputSystem.ForUI", "Unity.InputSystem.ForUI.csproj", "{FC600DE5-6DEC-772E-B449-E22CCEF7781C}"
EndProject
Project("{FAE04EC0-301F-11D3-BF4B-00C04F79EFBC}") = "Unity.MemoryProfiler", "Unity.MemoryProfiler.csproj", "{F3D83E1F-3A2E-A372-10EC-2130B010CCAF}"
EndProject
Project("{FAE04EC0-301F-11D3-BF4B-00C04F79EFBC}") = "Unity.Serialization.Editor", "Unity.Serialization.Editor.csproj", "{0C5576A0-4A97-70DA-002A-E7772EF4B15D}"
EndProject
Project("{FAE04EC0-301F-11D3-BF4B-00C04F79EFBC}") = "Unity.Collections.CodeGen", "Unity.Collections.CodeGen.csproj", "{2701A62D-8C0E-C3AD-FBB3-C522E9F50BC9}"
EndProject
Project("{FAE04EC0-301F-11D3-BF4B-00C04F79EFBC}") = "Unity.Mathematics.Editor", "Unity.Mathematics.Editor.csproj", "{99E0F4ED-96D3-1820-CDB7-B5E402792846}"
EndProject
Project("{FAE04EC0-301F-11D3-BF4B-00C04F79EFBC}") = "Unity.2D.Tilemap.Extras", "Unity.2D.Tilemap.Extras.csproj", "{834C4C5A-9294-2B56-FCBE-342018C77399}"
EndProject
Project("{FAE04EC0-301F-11D3-BF4B-00C04F79EFBC}") = "Unity.2D.PixelPerfect.Samples", "Unity.2D.PixelPerfect.Samples.csproj", "{3D1CA765-3B14-93EE-1BC8-821016A68EC2}"
EndProject
Project("{FAE04EC0-301F-11D3-BF4B-00C04F79EFBC}") = "Unity.InputSystem.TestFramework", "Unity.InputSystem.TestFramework.csproj", "{D02C4871-A6F3-E4C3-BF53-912C485373CE}"
EndProject
Project("{FAE04EC0-301F-11D3-BF4B-00C04F79EFBC}") = "Unity.ShaderGraph.Utilities", "Unity.ShaderGraph.Utilities.csproj", "{BB3F8C3C-2B6D-5555-B031-197A10348C64}"
EndProject
Project("{FAE04EC0-301F-11D3-BF4B-00C04F79EFBC}") = "Unity.EditorCoroutines.Editor", "Unity.EditorCoroutines.Editor.csproj", "{B7E51C68-800D-837A-274B-25C5A896F4A4}"
EndProject
Project("{FAE04EC0-301F-11D3-BF4B-00C04F79EFBC}") = "FMODUnityResonance", "FMODUnityResonance.csproj", "{0B9A6C4A-AF54-130F-A817-6B7327F2764E}"
EndProject
Project("{FAE04EC0-301F-11D3-BF4B-00C04F79EFBC}") = "Unity.Collections.Editor", "Unity.Collections.Editor.csproj", "{7C9EEA06-9A5E-3BF3-E4C3-D775E6FACDD5}"
EndProject
Project("{FAE04EC0-301F-11D3-BF4B-00C04F79EFBC}") = "Unity.2D.PixelPerfect.Samples.Editor", "Unity.2D.PixelPerfect.Samples.Editor.csproj", "{0FF5BB2B-F85D-E66A-F100-949F00B0718B}"
EndProject
Project("{FAE04EC0-301F-11D3-BF4B-00C04F79EFBC}") = "Unity.RenderPipelines.Universal.Config.Runtime", "Unity.RenderPipelines.Universal.Config.Runtime.csproj", "{EBEC7854-8820-A108-B49F-F0C8063B3310}"
EndProject
Project("{FAE04EC0-301F-11D3-BF4B-00C04F79EFBC}") = "Unity.CollabProxy.Editor", "Unity.CollabProxy.Editor.csproj", "{0D4C3FED-0165-61D8-BC5A-AD27A30D65C1}"
EndProject
Project("{FAE04EC0-301F-11D3-BF4B-00C04F79EFBC}") = "Unity.RenderPipelines.ShaderGraph.ShaderGraphLibrary", "Unity.RenderPipelines.ShaderGraph.ShaderGraphLibrary.csproj", "{FA8340E6-369F-85C9-4D58-26C96561790A}"
EndProject
Project("{FAE04EC0-301F-11D3-BF4B-00C04F79EFBC}") = "Unity.RenderPipelines.Core.ShaderLibrary", "Unity.RenderPipelines.Core.ShaderLibrary.csproj", "{FB46D016-D2F9-2030-3173-024588DC8469}"
EndProject
Project("{FAE04EC0-301F-11D3-BF4B-00C04F79EFBC}") = "Unity.RenderPipelines.Universal.Shaders", "Unity.RenderPipelines.Universal.Shaders.csproj", "{6DB66129-1BB2-F7D7-C477-9CEBAB9C5FE0}"
EndProject
Global
	GlobalSection(SolutionConfigurationPlatforms) = preSolution
		Debug|Any CPU = Debug|Any CPU
		Release|Any CPU = Release|Any CPU
	EndGlobalSection
	GlobalSection(ProjectConfigurationPlatforms) = postSolution
		{8A9B833D-C83E-C113-6731-8E7D436FA434}.Debug|Any CPU.ActiveCfg = Debug|Any CPU
		{8A9B833D-C83E-C113-6731-8E7D436FA434}.Debug|Any CPU.Build.0 = Debug|Any CPU
		{8A9B833D-C83E-C113-6731-8E7D436FA434}.Release|Any CPU.ActiveCfg = Release|Any CPU
		{8A9B833D-C83E-C113-6731-8E7D436FA434}.Release|Any CPU.Build.0 = Release|Any CPU
		{9DBEB4A1-1C6A-D42F-5A0F-FB81FDD96814}.Debug|Any CPU.ActiveCfg = Debug|Any CPU
		{9DBEB4A1-1C6A-D42F-5A0F-FB81FDD96814}.Debug|Any CPU.Build.0 = Debug|Any CPU
		{9DBEB4A1-1C6A-D42F-5A0F-FB81FDD96814}.Release|Any CPU.ActiveCfg = Release|Any CPU
		{9DBEB4A1-1C6A-D42F-5A0F-FB81FDD96814}.Release|Any CPU.Build.0 = Release|Any CPU
		{A11A4D3B-B3EE-BF99-9F2C-9161B2A2306E}.Debug|Any CPU.ActiveCfg = Debug|Any CPU
		{A11A4D3B-B3EE-BF99-9F2C-9161B2A2306E}.Debug|Any CPU.Build.0 = Debug|Any CPU
		{A11A4D3B-B3EE-BF99-9F2C-9161B2A2306E}.Release|Any CPU.ActiveCfg = Release|Any CPU
		{A11A4D3B-B3EE-BF99-9F2C-9161B2A2306E}.Release|Any CPU.Build.0 = Release|Any CPU
		{D3BFBC1B-6536-7948-412B-782584CE25F6}.Debug|Any CPU.ActiveCfg = Debug|Any CPU
		{D3BFBC1B-6536-7948-412B-782584CE25F6}.Debug|Any CPU.Build.0 = Debug|Any CPU
		{D3BFBC1B-6536-7948-412B-782584CE25F6}.Release|Any CPU.ActiveCfg = Release|Any CPU
		{D3BFBC1B-6536-7948-412B-782584CE25F6}.Release|Any CPU.Build.0 = Release|Any CPU
		{5D58E8F4-F05E-C95B-BF6F-15AD8031F286}.Debug|Any CPU.ActiveCfg = Debug|Any CPU
		{5D58E8F4-F05E-C95B-BF6F-15AD8031F286}.Debug|Any CPU.Build.0 = Debug|Any CPU
		{5D58E8F4-F05E-C95B-BF6F-15AD8031F286}.Release|Any CPU.ActiveCfg = Release|Any CPU
		{5D58E8F4-F05E-C95B-BF6F-15AD8031F286}.Release|Any CPU.Build.0 = Release|Any CPU
		{9CB3B765-C4F7-6DFF-BF41-F01D8C8CE9C9}.Debug|Any CPU.ActiveCfg = Debug|Any CPU
		{9CB3B765-C4F7-6DFF-BF41-F01D8C8CE9C9}.Debug|Any CPU.Build.0 = Debug|Any CPU
		{9CB3B765-C4F7-6DFF-BF41-F01D8C8CE9C9}.Release|Any CPU.ActiveCfg = Release|Any CPU
		{9CB3B765-C4F7-6DFF-BF41-F01D8C8CE9C9}.Release|Any CPU.Build.0 = Release|Any CPU
		{5248FD0F-6EF4-09E9-37C2-216FD8838A34}.Debug|Any CPU.ActiveCfg = Debug|Any CPU
		{5248FD0F-6EF4-09E9-37C2-216FD8838A34}.Debug|Any CPU.Build.0 = Debug|Any CPU
		{5248FD0F-6EF4-09E9-37C2-216FD8838A34}.Release|Any CPU.ActiveCfg = Release|Any CPU
		{5248FD0F-6EF4-09E9-37C2-216FD8838A34}.Release|Any CPU.Build.0 = Release|Any CPU
		{9C2D16A9-BF06-9B28-BD33-AF93E18AD582}.Debug|Any CPU.ActiveCfg = Debug|Any CPU
		{9C2D16A9-BF06-9B28-BD33-AF93E18AD582}.Debug|Any CPU.Build.0 = Debug|Any CPU
		{9C2D16A9-BF06-9B28-BD33-AF93E18AD582}.Release|Any CPU.ActiveCfg = Release|Any CPU
		{9C2D16A9-BF06-9B28-BD33-AF93E18AD582}.Release|Any CPU.Build.0 = Release|Any CPU
		{5467EDE8-6E2A-AACA-C20F-B9D3E9E44981}.Debug|Any CPU.ActiveCfg = Debug|Any CPU
		{5467EDE8-6E2A-AACA-C20F-B9D3E9E44981}.Debug|Any CPU.Build.0 = Debug|Any CPU
		{5467EDE8-6E2A-AACA-C20F-B9D3E9E44981}.Release|Any CPU.ActiveCfg = Release|Any CPU
		{5467EDE8-6E2A-AACA-C20F-B9D3E9E44981}.Release|Any CPU.Build.0 = Release|Any CPU
		{03704012-ADDC-D2AF-741A-8ACF689D8277}.Debug|Any CPU.ActiveCfg = Debug|Any CPU
		{03704012-ADDC-D2AF-741A-8ACF689D8277}.Debug|Any CPU.Build.0 = Debug|Any CPU
		{03704012-ADDC-D2AF-741A-8ACF689D8277}.Release|Any CPU.ActiveCfg = Release|Any CPU
		{03704012-ADDC-D2AF-741A-8ACF689D8277}.Release|Any CPU.Build.0 = Release|Any CPU
		{F698730B-3314-B9FF-70A2-B44FD02870C7}.Debug|Any CPU.ActiveCfg = Debug|Any CPU
		{F698730B-3314-B9FF-70A2-B44FD02870C7}.Debug|Any CPU.Build.0 = Debug|Any CPU
		{F698730B-3314-B9FF-70A2-B44FD02870C7}.Release|Any CPU.ActiveCfg = Release|Any CPU
		{F698730B-3314-B9FF-70A2-B44FD02870C7}.Release|Any CPU.Build.0 = Release|Any CPU
		{800E7DD8-CA81-7AEE-BD7C-7DB36927F9D9}.Debug|Any CPU.ActiveCfg = Debug|Any CPU
		{800E7DD8-CA81-7AEE-BD7C-7DB36927F9D9}.Debug|Any CPU.Build.0 = Debug|Any CPU
		{800E7DD8-CA81-7AEE-BD7C-7DB36927F9D9}.Release|Any CPU.ActiveCfg = Release|Any CPU
		{800E7DD8-CA81-7AEE-BD7C-7DB36927F9D9}.Release|Any CPU.Build.0 = Release|Any CPU
		{52799F79-9A41-AE8C-9D47-425CD21C98DE}.Debug|Any CPU.ActiveCfg = Debug|Any CPU
		{52799F79-9A41-AE8C-9D47-425CD21C98DE}.Debug|Any CPU.Build.0 = Debug|Any CPU
		{52799F79-9A41-AE8C-9D47-425CD21C98DE}.Release|Any CPU.ActiveCfg = Release|Any CPU
		{52799F79-9A41-AE8C-9D47-425CD21C98DE}.Release|Any CPU.Build.0 = Release|Any CPU
		{45FF5243-6AA4-13E2-9D28-6F23EF8DFF01}.Debug|Any CPU.ActiveCfg = Debug|Any CPU
		{45FF5243-6AA4-13E2-9D28-6F23EF8DFF01}.Debug|Any CPU.Build.0 = Debug|Any CPU
		{45FF5243-6AA4-13E2-9D28-6F23EF8DFF01}.Release|Any CPU.ActiveCfg = Release|Any CPU
		{45FF5243-6AA4-13E2-9D28-6F23EF8DFF01}.Release|Any CPU.Build.0 = Release|Any CPU
		{07598C5A-FCC3-5A58-1C3E-C321478C8C72}.Debug|Any CPU.ActiveCfg = Debug|Any CPU
		{07598C5A-FCC3-5A58-1C3E-C321478C8C72}.Debug|Any CPU.Build.0 = Debug|Any CPU
		{07598C5A-FCC3-5A58-1C3E-C321478C8C72}.Release|Any CPU.ActiveCfg = Release|Any CPU
		{07598C5A-FCC3-5A58-1C3E-C321478C8C72}.Release|Any CPU.Build.0 = Release|Any CPU
		{80A6A6A7-B396-D092-4C9E-CFF342A8C0ED}.Debug|Any CPU.ActiveCfg = Debug|Any CPU
		{80A6A6A7-B396-D092-4C9E-CFF342A8C0ED}.Debug|Any CPU.Build.0 = Debug|Any CPU
		{80A6A6A7-B396-D092-4C9E-CFF342A8C0ED}.Release|Any CPU.ActiveCfg = Release|Any CPU
		{80A6A6A7-B396-D092-4C9E-CFF342A8C0ED}.Release|Any CPU.Build.0 = Release|Any CPU
		{A52C39D8-5489-9295-A197-6869CC30F8B3}.Debug|Any CPU.ActiveCfg = Debug|Any CPU
		{A52C39D8-5489-9295-A197-6869CC30F8B3}.Debug|Any CPU.Build.0 = Debug|Any CPU
		{A52C39D8-5489-9295-A197-6869CC30F8B3}.Release|Any CPU.ActiveCfg = Release|Any CPU
		{A52C39D8-5489-9295-A197-6869CC30F8B3}.Release|Any CPU.Build.0 = Release|Any CPU
		{8482858A-6692-152B-6929-98E9AC021670}.Debug|Any CPU.ActiveCfg = Debug|Any CPU
		{8482858A-6692-152B-6929-98E9AC021670}.Debug|Any CPU.Build.0 = Debug|Any CPU
		{8482858A-6692-152B-6929-98E9AC021670}.Release|Any CPU.ActiveCfg = Release|Any CPU
		{8482858A-6692-152B-6929-98E9AC021670}.Release|Any CPU.Build.0 = Release|Any CPU
		{76F7FFB7-1A9E-699E-EAF3-9825AAF083FB}.Debug|Any CPU.ActiveCfg = Debug|Any CPU
		{76F7FFB7-1A9E-699E-EAF3-9825AAF083FB}.Debug|Any CPU.Build.0 = Debug|Any CPU
		{76F7FFB7-1A9E-699E-EAF3-9825AAF083FB}.Release|Any CPU.ActiveCfg = Release|Any CPU
		{76F7FFB7-1A9E-699E-EAF3-9825AAF083FB}.Release|Any CPU.Build.0 = Release|Any CPU
		{F4711F12-7344-A490-AE85-B8EFF4AFBC43}.Debug|Any CPU.ActiveCfg = Debug|Any CPU
		{F4711F12-7344-A490-AE85-B8EFF4AFBC43}.Debug|Any CPU.Build.0 = Debug|Any CPU
		{F4711F12-7344-A490-AE85-B8EFF4AFBC43}.Release|Any CPU.ActiveCfg = Release|Any CPU
		{F4711F12-7344-A490-AE85-B8EFF4AFBC43}.Release|Any CPU.Build.0 = Release|Any CPU
		{22619ACD-56AB-39F9-ED56-6E4CD3364958}.Debug|Any CPU.ActiveCfg = Debug|Any CPU
		{22619ACD-56AB-39F9-ED56-6E4CD3364958}.Debug|Any CPU.Build.0 = Debug|Any CPU
		{22619ACD-56AB-39F9-ED56-6E4CD3364958}.Release|Any CPU.ActiveCfg = Release|Any CPU
		{22619ACD-56AB-39F9-ED56-6E4CD3364958}.Release|Any CPU.Build.0 = Release|Any CPU
		{FB5A58C2-D733-8F8C-C6C4-754F97D315E0}.Debug|Any CPU.ActiveCfg = Debug|Any CPU
		{FB5A58C2-D733-8F8C-C6C4-754F97D315E0}.Debug|Any CPU.Build.0 = Debug|Any CPU
		{FB5A58C2-D733-8F8C-C6C4-754F97D315E0}.Release|Any CPU.ActiveCfg = Release|Any CPU
		{FB5A58C2-D733-8F8C-C6C4-754F97D315E0}.Release|Any CPU.Build.0 = Release|Any CPU
		{710541FA-2CDE-AFED-8040-796E32FF2FBC}.Debug|Any CPU.ActiveCfg = Debug|Any CPU
		{710541FA-2CDE-AFED-8040-796E32FF2FBC}.Debug|Any CPU.Build.0 = Debug|Any CPU
		{710541FA-2CDE-AFED-8040-796E32FF2FBC}.Release|Any CPU.ActiveCfg = Release|Any CPU
		{710541FA-2CDE-AFED-8040-796E32FF2FBC}.Release|Any CPU.Build.0 = Release|Any CPU
		{71BDE946-9DE1-EE97-65EB-7773CA34E45D}.Debug|Any CPU.ActiveCfg = Debug|Any CPU
		{71BDE946-9DE1-EE97-65EB-7773CA34E45D}.Debug|Any CPU.Build.0 = Debug|Any CPU
		{71BDE946-9DE1-EE97-65EB-7773CA34E45D}.Release|Any CPU.ActiveCfg = Release|Any CPU
		{71BDE946-9DE1-EE97-65EB-7773CA34E45D}.Release|Any CPU.Build.0 = Release|Any CPU
		{177B9E2A-EA41-B0B5-79E0-56CA5F6B5493}.Debug|Any CPU.ActiveCfg = Debug|Any CPU
		{177B9E2A-EA41-B0B5-79E0-56CA5F6B5493}.Debug|Any CPU.Build.0 = Debug|Any CPU
		{177B9E2A-EA41-B0B5-79E0-56CA5F6B5493}.Release|Any CPU.ActiveCfg = Release|Any CPU
		{177B9E2A-EA41-B0B5-79E0-56CA5F6B5493}.Release|Any CPU.Build.0 = Release|Any CPU
		{20729C94-1117-1EA1-0518-C2B95A8E1A7B}.Debug|Any CPU.ActiveCfg = Debug|Any CPU
		{20729C94-1117-1EA1-0518-C2B95A8E1A7B}.Debug|Any CPU.Build.0 = Debug|Any CPU
		{20729C94-1117-1EA1-0518-C2B95A8E1A7B}.Release|Any CPU.ActiveCfg = Release|Any CPU
		{20729C94-1117-1EA1-0518-C2B95A8E1A7B}.Release|Any CPU.Build.0 = Release|Any CPU
		{E8131769-A345-7FD5-FEED-B57CB47737C8}.Debug|Any CPU.ActiveCfg = Debug|Any CPU
		{E8131769-A345-7FD5-FEED-B57CB47737C8}.Debug|Any CPU.Build.0 = Debug|Any CPU
		{E8131769-A345-7FD5-FEED-B57CB47737C8}.Release|Any CPU.ActiveCfg = Release|Any CPU
		{E8131769-A345-7FD5-FEED-B57CB47737C8}.Release|Any CPU.Build.0 = Release|Any CPU
		{95ECB715-92EE-52E4-5EE8-514CB4EC313A}.Debug|Any CPU.ActiveCfg = Debug|Any CPU
		{95ECB715-92EE-52E4-5EE8-514CB4EC313A}.Debug|Any CPU.Build.0 = Debug|Any CPU
		{95ECB715-92EE-52E4-5EE8-514CB4EC313A}.Release|Any CPU.ActiveCfg = Release|Any CPU
		{95ECB715-92EE-52E4-5EE8-514CB4EC313A}.Release|Any CPU.Build.0 = Release|Any CPU
		{EE93DE0C-E34B-51F5-AB39-60A156A491E0}.Debug|Any CPU.ActiveCfg = Debug|Any CPU
		{EE93DE0C-E34B-51F5-AB39-60A156A491E0}.Debug|Any CPU.Build.0 = Debug|Any CPU
		{EE93DE0C-E34B-51F5-AB39-60A156A491E0}.Release|Any CPU.ActiveCfg = Release|Any CPU
		{EE93DE0C-E34B-51F5-AB39-60A156A491E0}.Release|Any CPU.Build.0 = Release|Any CPU
		{F355DCBA-6B85-EB3D-73B3-FCF269F93464}.Debug|Any CPU.ActiveCfg = Debug|Any CPU
		{F355DCBA-6B85-EB3D-73B3-FCF269F93464}.Debug|Any CPU.Build.0 = Debug|Any CPU
		{F355DCBA-6B85-EB3D-73B3-FCF269F93464}.Release|Any CPU.ActiveCfg = Release|Any CPU
		{F355DCBA-6B85-EB3D-73B3-FCF269F93464}.Release|Any CPU.Build.0 = Release|Any CPU
		{99CD1E13-D10E-A8A4-E836-0972C00DD6A8}.Debug|Any CPU.ActiveCfg = Debug|Any CPU
		{99CD1E13-D10E-A8A4-E836-0972C00DD6A8}.Debug|Any CPU.Build.0 = Debug|Any CPU
		{99CD1E13-D10E-A8A4-E836-0972C00DD6A8}.Release|Any CPU.ActiveCfg = Release|Any CPU
		{99CD1E13-D10E-A8A4-E836-0972C00DD6A8}.Release|Any CPU.Build.0 = Release|Any CPU
		{27F43F02-4D03-FD7D-3E80-D484C4458CC0}.Debug|Any CPU.ActiveCfg = Debug|Any CPU
		{27F43F02-4D03-FD7D-3E80-D484C4458CC0}.Debug|Any CPU.Build.0 = Debug|Any CPU
		{27F43F02-4D03-FD7D-3E80-D484C4458CC0}.Release|Any CPU.ActiveCfg = Release|Any CPU
		{27F43F02-4D03-FD7D-3E80-D484C4458CC0}.Release|Any CPU.Build.0 = Release|Any CPU
		{6422C7E8-19E0-CC22-195D-7258C5557D17}.Debug|Any CPU.ActiveCfg = Debug|Any CPU
		{6422C7E8-19E0-CC22-195D-7258C5557D17}.Debug|Any CPU.Build.0 = Debug|Any CPU
		{6422C7E8-19E0-CC22-195D-7258C5557D17}.Release|Any CPU.ActiveCfg = Release|Any CPU
		{6422C7E8-19E0-CC22-195D-7258C5557D17}.Release|Any CPU.Build.0 = Release|Any CPU
		{FBE0622E-FF79-9E06-8DCD-CCBCACE05E3D}.Debug|Any CPU.ActiveCfg = Debug|Any CPU
		{FBE0622E-FF79-9E06-8DCD-CCBCACE05E3D}.Debug|Any CPU.Build.0 = Debug|Any CPU
		{FBE0622E-FF79-9E06-8DCD-CCBCACE05E3D}.Release|Any CPU.ActiveCfg = Release|Any CPU
		{FBE0622E-FF79-9E06-8DCD-CCBCACE05E3D}.Release|Any CPU.Build.0 = Release|Any CPU
		{69F0D89A-4195-851B-243B-35439EEE8D08}.Debug|Any CPU.ActiveCfg = Debug|Any CPU
		{69F0D89A-4195-851B-243B-35439EEE8D08}.Debug|Any CPU.Build.0 = Debug|Any CPU
		{69F0D89A-4195-851B-243B-35439EEE8D08}.Release|Any CPU.ActiveCfg = Release|Any CPU
		{69F0D89A-4195-851B-243B-35439EEE8D08}.Release|Any CPU.Build.0 = Release|Any CPU
		{A7F2C32F-BD76-4810-3644-4D4993B8CE0B}.Debug|Any CPU.ActiveCfg = Debug|Any CPU
		{A7F2C32F-BD76-4810-3644-4D4993B8CE0B}.Debug|Any CPU.Build.0 = Debug|Any CPU
		{A7F2C32F-BD76-4810-3644-4D4993B8CE0B}.Release|Any CPU.ActiveCfg = Release|Any CPU
		{A7F2C32F-BD76-4810-3644-4D4993B8CE0B}.Release|Any CPU.Build.0 = Release|Any CPU
		{5A09194C-25D1-9F4A-D07F-BE66E43F3E12}.Debug|Any CPU.ActiveCfg = Debug|Any CPU
		{5A09194C-25D1-9F4A-D07F-BE66E43F3E12}.Debug|Any CPU.Build.0 = Debug|Any CPU
		{5A09194C-25D1-9F4A-D07F-BE66E43F3E12}.Release|Any CPU.ActiveCfg = Release|Any CPU
		{5A09194C-25D1-9F4A-D07F-BE66E43F3E12}.Release|Any CPU.Build.0 = Release|Any CPU
		{9BDB7DA4-73B6-027E-BA37-47FA9B0111FF}.Debug|Any CPU.ActiveCfg = Debug|Any CPU
		{9BDB7DA4-73B6-027E-BA37-47FA9B0111FF}.Debug|Any CPU.Build.0 = Debug|Any CPU
		{9BDB7DA4-73B6-027E-BA37-47FA9B0111FF}.Release|Any CPU.ActiveCfg = Release|Any CPU
		{9BDB7DA4-73B6-027E-BA37-47FA9B0111FF}.Release|Any CPU.Build.0 = Release|Any CPU
		{7F50F150-77A6-E6A1-71BF-A754B387DA3C}.Debug|Any CPU.ActiveCfg = Debug|Any CPU
		{7F50F150-77A6-E6A1-71BF-A754B387DA3C}.Debug|Any CPU.Build.0 = Debug|Any CPU
		{7F50F150-77A6-E6A1-71BF-A754B387DA3C}.Release|Any CPU.ActiveCfg = Release|Any CPU
		{7F50F150-77A6-E6A1-71BF-A754B387DA3C}.Release|Any CPU.Build.0 = Release|Any CPU
		{1CD92807-EB45-5722-E297-74029432956D}.Debug|Any CPU.ActiveCfg = Debug|Any CPU
		{1CD92807-EB45-5722-E297-74029432956D}.Debug|Any CPU.Build.0 = Debug|Any CPU
		{1CD92807-EB45-5722-E297-74029432956D}.Release|Any CPU.ActiveCfg = Release|Any CPU
		{1CD92807-EB45-5722-E297-74029432956D}.Release|Any CPU.Build.0 = Release|Any CPU
		{B4646C93-0A5D-D6EC-DC6B-48322D870B84}.Debug|Any CPU.ActiveCfg = Debug|Any CPU
		{B4646C93-0A5D-D6EC-DC6B-48322D870B84}.Debug|Any CPU.Build.0 = Debug|Any CPU
		{B4646C93-0A5D-D6EC-DC6B-48322D870B84}.Release|Any CPU.ActiveCfg = Release|Any CPU
		{B4646C93-0A5D-D6EC-DC6B-48322D870B84}.Release|Any CPU.Build.0 = Release|Any CPU
		{876F74A1-5A07-1503-F29A-FB40991A230D}.Debug|Any CPU.ActiveCfg = Debug|Any CPU
		{876F74A1-5A07-1503-F29A-FB40991A230D}.Debug|Any CPU.Build.0 = Debug|Any CPU
		{876F74A1-5A07-1503-F29A-FB40991A230D}.Release|Any CPU.ActiveCfg = Release|Any CPU
		{876F74A1-5A07-1503-F29A-FB40991A230D}.Release|Any CPU.Build.0 = Release|Any CPU
		{918E76FB-7A97-34AE-E183-CC4938EC7FBB}.Debug|Any CPU.ActiveCfg = Debug|Any CPU
		{918E76FB-7A97-34AE-E183-CC4938EC7FBB}.Debug|Any CPU.Build.0 = Debug|Any CPU
		{918E76FB-7A97-34AE-E183-CC4938EC7FBB}.Release|Any CPU.ActiveCfg = Release|Any CPU
		{918E76FB-7A97-34AE-E183-CC4938EC7FBB}.Release|Any CPU.Build.0 = Release|Any CPU
		{6676B667-67C1-D003-5B55-38167561260B}.Debug|Any CPU.ActiveCfg = Debug|Any CPU
		{6676B667-67C1-D003-5B55-38167561260B}.Debug|Any CPU.Build.0 = Debug|Any CPU
		{6676B667-67C1-D003-5B55-38167561260B}.Release|Any CPU.ActiveCfg = Release|Any CPU
		{6676B667-67C1-D003-5B55-38167561260B}.Release|Any CPU.Build.0 = Release|Any CPU
		{4CEDEF02-2486-8C20-9D1A-D83751B6D214}.Debug|Any CPU.ActiveCfg = Debug|Any CPU
		{4CEDEF02-2486-8C20-9D1A-D83751B6D214}.Debug|Any CPU.Build.0 = Debug|Any CPU
		{4CEDEF02-2486-8C20-9D1A-D83751B6D214}.Release|Any CPU.ActiveCfg = Release|Any CPU
		{4CEDEF02-2486-8C20-9D1A-D83751B6D214}.Release|Any CPU.Build.0 = Release|Any CPU
		{19315216-7436-6F08-9817-C9D8C02FE622}.Debug|Any CPU.ActiveCfg = Debug|Any CPU
		{19315216-7436-6F08-9817-C9D8C02FE622}.Debug|Any CPU.Build.0 = Debug|Any CPU
		{19315216-7436-6F08-9817-C9D8C02FE622}.Release|Any CPU.ActiveCfg = Release|Any CPU
		{19315216-7436-6F08-9817-C9D8C02FE622}.Release|Any CPU.Build.0 = Release|Any CPU
		{44D07895-99A2-3882-2C54-25EC9957C952}.Debug|Any CPU.ActiveCfg = Debug|Any CPU
		{44D07895-99A2-3882-2C54-25EC9957C952}.Debug|Any CPU.Build.0 = Debug|Any CPU
		{44D07895-99A2-3882-2C54-25EC9957C952}.Release|Any CPU.ActiveCfg = Release|Any CPU
		{44D07895-99A2-3882-2C54-25EC9957C952}.Release|Any CPU.Build.0 = Release|Any CPU
		{3A5AADE6-C896-DA20-3FC1-FBE7A31555C4}.Debug|Any CPU.ActiveCfg = Debug|Any CPU
		{3A5AADE6-C896-DA20-3FC1-FBE7A31555C4}.Debug|Any CPU.Build.0 = Debug|Any CPU
		{3A5AADE6-C896-DA20-3FC1-FBE7A31555C4}.Release|Any CPU.ActiveCfg = Release|Any CPU
		{3A5AADE6-C896-DA20-3FC1-FBE7A31555C4}.Release|Any CPU.Build.0 = Release|Any CPU
		{90AA7E6A-BF33-BB02-4DB8-BF9AF17C1794}.Debug|Any CPU.ActiveCfg = Debug|Any CPU
		{90AA7E6A-BF33-BB02-4DB8-BF9AF17C1794}.Debug|Any CPU.Build.0 = Debug|Any CPU
		{90AA7E6A-BF33-BB02-4DB8-BF9AF17C1794}.Release|Any CPU.ActiveCfg = Release|Any CPU
		{90AA7E6A-BF33-BB02-4DB8-BF9AF17C1794}.Release|Any CPU.Build.0 = Release|Any CPU
		{82822A4D-747E-BAB2-B4A1-0BFB7E7D2701}.Debug|Any CPU.ActiveCfg = Debug|Any CPU
		{82822A4D-747E-BAB2-B4A1-0BFB7E7D2701}.Debug|Any CPU.Build.0 = Debug|Any CPU
		{82822A4D-747E-BAB2-B4A1-0BFB7E7D2701}.Release|Any CPU.ActiveCfg = Release|Any CPU
		{82822A4D-747E-BAB2-B4A1-0BFB7E7D2701}.Release|Any CPU.Build.0 = Release|Any CPU
		{51578AA7-0700-E216-9253-F22275295B02}.Debug|Any CPU.ActiveCfg = Debug|Any CPU
		{51578AA7-0700-E216-9253-F22275295B02}.Debug|Any CPU.Build.0 = Debug|Any CPU
		{51578AA7-0700-E216-9253-F22275295B02}.Release|Any CPU.ActiveCfg = Release|Any CPU
		{51578AA7-0700-E216-9253-F22275295B02}.Release|Any CPU.Build.0 = Release|Any CPU
		{8BFE0491-A901-598C-564E-2DED426330D5}.Debug|Any CPU.ActiveCfg = Debug|Any CPU
		{8BFE0491-A901-598C-564E-2DED426330D5}.Debug|Any CPU.Build.0 = Debug|Any CPU
		{8BFE0491-A901-598C-564E-2DED426330D5}.Release|Any CPU.ActiveCfg = Release|Any CPU
		{8BFE0491-A901-598C-564E-2DED426330D5}.Release|Any CPU.Build.0 = Release|Any CPU
		{76DE5CAA-94B5-254C-9AF3-E94EB1ACF910}.Debug|Any CPU.ActiveCfg = Debug|Any CPU
		{76DE5CAA-94B5-254C-9AF3-E94EB1ACF910}.Debug|Any CPU.Build.0 = Debug|Any CPU
		{76DE5CAA-94B5-254C-9AF3-E94EB1ACF910}.Release|Any CPU.ActiveCfg = Release|Any CPU
		{76DE5CAA-94B5-254C-9AF3-E94EB1ACF910}.Release|Any CPU.Build.0 = Release|Any CPU
		{5D862DA7-6C45-E46F-7B65-228ED2930A59}.Debug|Any CPU.ActiveCfg = Debug|Any CPU
		{5D862DA7-6C45-E46F-7B65-228ED2930A59}.Debug|Any CPU.Build.0 = Debug|Any CPU
		{5D862DA7-6C45-E46F-7B65-228ED2930A59}.Release|Any CPU.ActiveCfg = Release|Any CPU
		{5D862DA7-6C45-E46F-7B65-228ED2930A59}.Release|Any CPU.Build.0 = Release|Any CPU
		{714796EC-7D67-CE73-EAD4-D0C3887C5F2C}.Debug|Any CPU.ActiveCfg = Debug|Any CPU
		{714796EC-7D67-CE73-EAD4-D0C3887C5F2C}.Debug|Any CPU.Build.0 = Debug|Any CPU
		{714796EC-7D67-CE73-EAD4-D0C3887C5F2C}.Release|Any CPU.ActiveCfg = Release|Any CPU
		{714796EC-7D67-CE73-EAD4-D0C3887C5F2C}.Release|Any CPU.Build.0 = Release|Any CPU
		{F02CE692-2808-2955-413E-0BF71B015CC3}.Debug|Any CPU.ActiveCfg = Debug|Any CPU
		{F02CE692-2808-2955-413E-0BF71B015CC3}.Debug|Any CPU.Build.0 = Debug|Any CPU
		{F02CE692-2808-2955-413E-0BF71B015CC3}.Release|Any CPU.ActiveCfg = Release|Any CPU
		{F02CE692-2808-2955-413E-0BF71B015CC3}.Release|Any CPU.Build.0 = Release|Any CPU
		{466491E0-66AC-A89C-053F-33FEF1CBC258}.Debug|Any CPU.ActiveCfg = Debug|Any CPU
		{466491E0-66AC-A89C-053F-33FEF1CBC258}.Debug|Any CPU.Build.0 = Debug|Any CPU
		{466491E0-66AC-A89C-053F-33FEF1CBC258}.Release|Any CPU.ActiveCfg = Release|Any CPU
		{466491E0-66AC-A89C-053F-33FEF1CBC258}.Release|Any CPU.Build.0 = Release|Any CPU
		{14032B63-20AE-C6F5-E79D-24D0F3A6CF0A}.Debug|Any CPU.ActiveCfg = Debug|Any CPU
		{14032B63-20AE-C6F5-E79D-24D0F3A6CF0A}.Debug|Any CPU.Build.0 = Debug|Any CPU
		{14032B63-20AE-C6F5-E79D-24D0F3A6CF0A}.Release|Any CPU.ActiveCfg = Release|Any CPU
		{14032B63-20AE-C6F5-E79D-24D0F3A6CF0A}.Release|Any CPU.Build.0 = Release|Any CPU
		{EAAE65CC-5A24-6769-DF8B-2D86DBEB5D59}.Debug|Any CPU.ActiveCfg = Debug|Any CPU
		{EAAE65CC-5A24-6769-DF8B-2D86DBEB5D59}.Debug|Any CPU.Build.0 = Debug|Any CPU
		{EAAE65CC-5A24-6769-DF8B-2D86DBEB5D59}.Release|Any CPU.ActiveCfg = Release|Any CPU
		{EAAE65CC-5A24-6769-DF8B-2D86DBEB5D59}.Release|Any CPU.Build.0 = Release|Any CPU
		{2930E48A-F635-758A-B478-8385EFA0DB92}.Debug|Any CPU.ActiveCfg = Debug|Any CPU
		{2930E48A-F635-758A-B478-8385EFA0DB92}.Debug|Any CPU.Build.0 = Debug|Any CPU
		{2930E48A-F635-758A-B478-8385EFA0DB92}.Release|Any CPU.ActiveCfg = Release|Any CPU
		{2930E48A-F635-758A-B478-8385EFA0DB92}.Release|Any CPU.Build.0 = Release|Any CPU
		{53BECF23-CC25-17AD-FF53-D4308F7947BC}.Debug|Any CPU.ActiveCfg = Debug|Any CPU
		{53BECF23-CC25-17AD-FF53-D4308F7947BC}.Debug|Any CPU.Build.0 = Debug|Any CPU
		{53BECF23-CC25-17AD-FF53-D4308F7947BC}.Release|Any CPU.ActiveCfg = Release|Any CPU
		{53BECF23-CC25-17AD-FF53-D4308F7947BC}.Release|Any CPU.Build.0 = Release|Any CPU
		{41056C7A-E58E-1A59-492B-7885CACB1365}.Debug|Any CPU.ActiveCfg = Debug|Any CPU
		{41056C7A-E58E-1A59-492B-7885CACB1365}.Debug|Any CPU.Build.0 = Debug|Any CPU
		{41056C7A-E58E-1A59-492B-7885CACB1365}.Release|Any CPU.ActiveCfg = Release|Any CPU
		{41056C7A-E58E-1A59-492B-7885CACB1365}.Release|Any CPU.Build.0 = Release|Any CPU
		{0B77F2C9-F152-00ED-E7EE-F8F95AF9E08A}.Debug|Any CPU.ActiveCfg = Debug|Any CPU
		{0B77F2C9-F152-00ED-E7EE-F8F95AF9E08A}.Debug|Any CPU.Build.0 = Debug|Any CPU
		{0B77F2C9-F152-00ED-E7EE-F8F95AF9E08A}.Release|Any CPU.ActiveCfg = Release|Any CPU
		{0B77F2C9-F152-00ED-E7EE-F8F95AF9E08A}.Release|Any CPU.Build.0 = Release|Any CPU
		{EBED5666-17C2-3068-5C8D-A8C22FB5B351}.Debug|Any CPU.ActiveCfg = Debug|Any CPU
		{EBED5666-17C2-3068-5C8D-A8C22FB5B351}.Debug|Any CPU.Build.0 = Debug|Any CPU
		{EBED5666-17C2-3068-5C8D-A8C22FB5B351}.Release|Any CPU.ActiveCfg = Release|Any CPU
		{EBED5666-17C2-3068-5C8D-A8C22FB5B351}.Release|Any CPU.Build.0 = Release|Any CPU
		{03E83B60-CEDD-01F5-D5F0-B0B8224497AA}.Debug|Any CPU.ActiveCfg = Debug|Any CPU
		{03E83B60-CEDD-01F5-D5F0-B0B8224497AA}.Debug|Any CPU.Build.0 = Debug|Any CPU
		{03E83B60-CEDD-01F5-D5F0-B0B8224497AA}.Release|Any CPU.ActiveCfg = Release|Any CPU
		{03E83B60-CEDD-01F5-D5F0-B0B8224497AA}.Release|Any CPU.Build.0 = Release|Any CPU
		{B1DCF1A4-43C0-9440-3EC2-FBD6C29782E9}.Debug|Any CPU.ActiveCfg = Debug|Any CPU
		{B1DCF1A4-43C0-9440-3EC2-FBD6C29782E9}.Debug|Any CPU.Build.0 = Debug|Any CPU
		{B1DCF1A4-43C0-9440-3EC2-FBD6C29782E9}.Release|Any CPU.ActiveCfg = Release|Any CPU
		{B1DCF1A4-43C0-9440-3EC2-FBD6C29782E9}.Release|Any CPU.Build.0 = Release|Any CPU
		{FC600DE5-6DEC-772E-B449-E22CCEF7781C}.Debug|Any CPU.ActiveCfg = Debug|Any CPU
		{FC600DE5-6DEC-772E-B449-E22CCEF7781C}.Debug|Any CPU.Build.0 = Debug|Any CPU
		{FC600DE5-6DEC-772E-B449-E22CCEF7781C}.Release|Any CPU.ActiveCfg = Release|Any CPU
		{FC600DE5-6DEC-772E-B449-E22CCEF7781C}.Release|Any CPU.Build.0 = Release|Any CPU
		{F3D83E1F-3A2E-A372-10EC-2130B010CCAF}.Debug|Any CPU.ActiveCfg = Debug|Any CPU
		{F3D83E1F-3A2E-A372-10EC-2130B010CCAF}.Debug|Any CPU.Build.0 = Debug|Any CPU
		{F3D83E1F-3A2E-A372-10EC-2130B010CCAF}.Release|Any CPU.ActiveCfg = Release|Any CPU
		{F3D83E1F-3A2E-A372-10EC-2130B010CCAF}.Release|Any CPU.Build.0 = Release|Any CPU
		{0C5576A0-4A97-70DA-002A-E7772EF4B15D}.Debug|Any CPU.ActiveCfg = Debug|Any CPU
		{0C5576A0-4A97-70DA-002A-E7772EF4B15D}.Debug|Any CPU.Build.0 = Debug|Any CPU
		{0C5576A0-4A97-70DA-002A-E7772EF4B15D}.Release|Any CPU.ActiveCfg = Release|Any CPU
		{0C5576A0-4A97-70DA-002A-E7772EF4B15D}.Release|Any CPU.Build.0 = Release|Any CPU
		{2701A62D-8C0E-C3AD-FBB3-C522E9F50BC9}.Debug|Any CPU.ActiveCfg = Debug|Any CPU
		{2701A62D-8C0E-C3AD-FBB3-C522E9F50BC9}.Debug|Any CPU.Build.0 = Debug|Any CPU
		{2701A62D-8C0E-C3AD-FBB3-C522E9F50BC9}.Release|Any CPU.ActiveCfg = Release|Any CPU
		{2701A62D-8C0E-C3AD-FBB3-C522E9F50BC9}.Release|Any CPU.Build.0 = Release|Any CPU
		{99E0F4ED-96D3-1820-CDB7-B5E402792846}.Debug|Any CPU.ActiveCfg = Debug|Any CPU
		{99E0F4ED-96D3-1820-CDB7-B5E402792846}.Debug|Any CPU.Build.0 = Debug|Any CPU
		{99E0F4ED-96D3-1820-CDB7-B5E402792846}.Release|Any CPU.ActiveCfg = Release|Any CPU
		{99E0F4ED-96D3-1820-CDB7-B5E402792846}.Release|Any CPU.Build.0 = Release|Any CPU
		{834C4C5A-9294-2B56-FCBE-342018C77399}.Debug|Any CPU.ActiveCfg = Debug|Any CPU
		{834C4C5A-9294-2B56-FCBE-342018C77399}.Debug|Any CPU.Build.0 = Debug|Any CPU
		{834C4C5A-9294-2B56-FCBE-342018C77399}.Release|Any CPU.ActiveCfg = Release|Any CPU
		{834C4C5A-9294-2B56-FCBE-342018C77399}.Release|Any CPU.Build.0 = Release|Any CPU
		{3D1CA765-3B14-93EE-1BC8-821016A68EC2}.Debug|Any CPU.ActiveCfg = Debug|Any CPU
		{3D1CA765-3B14-93EE-1BC8-821016A68EC2}.Debug|Any CPU.Build.0 = Debug|Any CPU
		{3D1CA765-3B14-93EE-1BC8-821016A68EC2}.Release|Any CPU.ActiveCfg = Release|Any CPU
		{3D1CA765-3B14-93EE-1BC8-821016A68EC2}.Release|Any CPU.Build.0 = Release|Any CPU
		{D02C4871-A6F3-E4C3-BF53-912C485373CE}.Debug|Any CPU.ActiveCfg = Debug|Any CPU
		{D02C4871-A6F3-E4C3-BF53-912C485373CE}.Debug|Any CPU.Build.0 = Debug|Any CPU
		{D02C4871-A6F3-E4C3-BF53-912C485373CE}.Release|Any CPU.ActiveCfg = Release|Any CPU
		{D02C4871-A6F3-E4C3-BF53-912C485373CE}.Release|Any CPU.Build.0 = Release|Any CPU
		{BB3F8C3C-2B6D-5555-B031-197A10348C64}.Debug|Any CPU.ActiveCfg = Debug|Any CPU
		{BB3F8C3C-2B6D-5555-B031-197A10348C64}.Debug|Any CPU.Build.0 = Debug|Any CPU
		{BB3F8C3C-2B6D-5555-B031-197A10348C64}.Release|Any CPU.ActiveCfg = Release|Any CPU
		{BB3F8C3C-2B6D-5555-B031-197A10348C64}.Release|Any CPU.Build.0 = Release|Any CPU
		{B7E51C68-800D-837A-274B-25C5A896F4A4}.Debug|Any CPU.ActiveCfg = Debug|Any CPU
		{B7E51C68-800D-837A-274B-25C5A896F4A4}.Debug|Any CPU.Build.0 = Debug|Any CPU
		{B7E51C68-800D-837A-274B-25C5A896F4A4}.Release|Any CPU.ActiveCfg = Release|Any CPU
		{B7E51C68-800D-837A-274B-25C5A896F4A4}.Release|Any CPU.Build.0 = Release|Any CPU
		{0B9A6C4A-AF54-130F-A817-6B7327F2764E}.Debug|Any CPU.ActiveCfg = Debug|Any CPU
		{0B9A6C4A-AF54-130F-A817-6B7327F2764E}.Debug|Any CPU.Build.0 = Debug|Any CPU
		{0B9A6C4A-AF54-130F-A817-6B7327F2764E}.Release|Any CPU.ActiveCfg = Release|Any CPU
		{0B9A6C4A-AF54-130F-A817-6B7327F2764E}.Release|Any CPU.Build.0 = Release|Any CPU
		{7C9EEA06-9A5E-3BF3-E4C3-D775E6FACDD5}.Debug|Any CPU.ActiveCfg = Debug|Any CPU
		{7C9EEA06-9A5E-3BF3-E4C3-D775E6FACDD5}.Debug|Any CPU.Build.0 = Debug|Any CPU
		{7C9EEA06-9A5E-3BF3-E4C3-D775E6FACDD5}.Release|Any CPU.ActiveCfg = Release|Any CPU
		{7C9EEA06-9A5E-3BF3-E4C3-D775E6FACDD5}.Release|Any CPU.Build.0 = Release|Any CPU
		{0FF5BB2B-F85D-E66A-F100-949F00B0718B}.Debug|Any CPU.ActiveCfg = Debug|Any CPU
		{0FF5BB2B-F85D-E66A-F100-949F00B0718B}.Debug|Any CPU.Build.0 = Debug|Any CPU
		{0FF5BB2B-F85D-E66A-F100-949F00B0718B}.Release|Any CPU.ActiveCfg = Release|Any CPU
		{0FF5BB2B-F85D-E66A-F100-949F00B0718B}.Release|Any CPU.Build.0 = Release|Any CPU
		{EBEC7854-8820-A108-B49F-F0C8063B3310}.Debug|Any CPU.ActiveCfg = Debug|Any CPU
		{EBEC7854-8820-A108-B49F-F0C8063B3310}.Debug|Any CPU.Build.0 = Debug|Any CPU
		{EBEC7854-8820-A108-B49F-F0C8063B3310}.Release|Any CPU.ActiveCfg = Release|Any CPU
		{EBEC7854-8820-A108-B49F-F0C8063B3310}.Release|Any CPU.Build.0 = Release|Any CPU
		{0D4C3FED-0165-61D8-BC5A-AD27A30D65C1}.Debug|Any CPU.ActiveCfg = Debug|Any CPU
		{0D4C3FED-0165-61D8-BC5A-AD27A30D65C1}.Debug|Any CPU.Build.0 = Debug|Any CPU
		{0D4C3FED-0165-61D8-BC5A-AD27A30D65C1}.Release|Any CPU.ActiveCfg = Release|Any CPU
		{0D4C3FED-0165-61D8-BC5A-AD27A30D65C1}.Release|Any CPU.Build.0 = Release|Any CPU
		{FA8340E6-369F-85C9-4D58-26C96561790A}.Debug|Any CPU.ActiveCfg = Debug|Any CPU
		{FA8340E6-369F-85C9-4D58-26C96561790A}.Debug|Any CPU.Build.0 = Debug|Any CPU
		{FA8340E6-369F-85C9-4D58-26C96561790A}.Release|Any CPU.ActiveCfg = Release|Any CPU
		{FA8340E6-369F-85C9-4D58-26C96561790A}.Release|Any CPU.Build.0 = Release|Any CPU
		{FB46D016-D2F9-2030-3173-024588DC8469}.Debug|Any CPU.ActiveCfg = Debug|Any CPU
		{FB46D016-D2F9-2030-3173-024588DC8469}.Debug|Any CPU.Build.0 = Debug|Any CPU
		{FB46D016-D2F9-2030-3173-024588DC8469}.Release|Any CPU.ActiveCfg = Release|Any CPU
		{FB46D016-D2F9-2030-3173-024588DC8469}.Release|Any CPU.Build.0 = Release|Any CPU
		{6DB66129-1BB2-F7D7-C477-9CEBAB9C5FE0}.Debug|Any CPU.ActiveCfg = Debug|Any CPU
		{6DB66129-1BB2-F7D7-C477-9CEBAB9C5FE0}.Debug|Any CPU.Build.0 = Debug|Any CPU
		{6DB66129-1BB2-F7D7-C477-9CEBAB9C5FE0}.Release|Any CPU.ActiveCfg = Release|Any CPU
		{6DB66129-1BB2-F7D7-C477-9CEBAB9C5FE0}.Release|Any CPU.Build.0 = Release|Any CPU
	EndGlobalSection
	GlobalSection(SolutionProperties) = preSolution
		HideSolutionNode = FALSE
	EndGlobalSection
EndGlobal
