
Microsoft Visual Studio Solution File, Format Version 12.00
# Visual Studio 15
Project("{FAE04EC0-301F-11D3-BF4B-00C04F79EFBC}") = "UnityEngine.UI", "UnityEngine.UI.csproj", "{918E76FB-7A97-34AE-E183-CC4938EC7FBB}"
EndProject
Project("{FAE04EC0-301F-11D3-BF4B-00C04F79EFBC}") = "Assembly-CSharp", "Assembly-CSharp.csproj", "{710541FA-2CDE-AFED-8040-796E32FF2FBC}"
EndProject
Project("{FAE04EC0-301F-11D3-BF4B-00C04F79EFBC}") = "UnityEngine.TestRunner", "UnityEngine.TestRunner.csproj", "{FB5A58C2-D733-8F8C-C6C4-754F97D315E0}"
EndProject
Project("{FAE04EC0-301F-11D3-BF4B-00C04F79EFBC}") = "Unity.Mathematics", "Unity.Mathematics.csproj", "{F698730B-3314-B9FF-70A2-B44FD02870C7}"
EndProject
Project("{FAE04EC0-301F-11D3-BF4B-00C04F79EFBC}") = "Unity.InputSystem", "Unity.InputSystem.csproj", "{76F7FFB7-1A9E-699E-EAF3-9825AAF083FB}"
EndProject
Project("{FAE04EC0-301F-11D3-BF4B-00C04F79EFBC}") = "Unity.Timeline", "Unity.Timeline.csproj", "{9DBEB4A1-1C6A-D42F-5A0F-FB81FDD96814}"
EndProject
Project("{FAE04EC0-301F-11D3-BF4B-00C04F79EFBC}") = "Cinemachine", "Cinemachine.csproj", "{F355DCBA-6B85-EB3D-73B3-FCF269F93464}"
EndProject
Project("{FAE04EC0-301F-11D3-BF4B-00C04F79EFBC}") = "Unity.TextMeshPro", "Unity.TextMeshPro.csproj", "{90AA7E6A-BF33-BB02-4DB8-BF9AF17C1794}"
EndProject
Project("{FAE04EC0-301F-11D3-BF4B-00C04F79EFBC}") = "Unity.2D.Animation.Runtime", "Unity.2D.Animation.Runtime.csproj", "{8BFE0491-A901-598C-564E-2DED426330D5}"
EndProject
Project("{FAE04EC0-301F-11D3-BF4B-00C04F79EFBC}") = "Unity.2D.Tilemap.Extras", "Unity.2D.Tilemap.Extras.csproj", "{834C4C5A-9294-2B56-FCBE-342018C77399}"
EndProject
Project("{FAE04EC0-301F-11D3-BF4B-00C04F79EFBC}") = "Unity.2D.IK.Runtime", "Unity.2D.IK.Runtime.csproj", "{A52C39D8-5489-9295-A197-6869CC30F8B3}"
EndProject
Project("{FAE04EC0-301F-11D3-BF4B-00C04F79EFBC}") = "Unity.2D.SpriteShape.Runtime", "Unity.2D.SpriteShape.Runtime.csproj", "{9BDB7DA4-73B6-027E-BA37-47FA9B0111FF}"
EndProject
Project("{FAE04EC0-301F-11D3-BF4B-00C04F79EFBC}") = "Unity.2D.PixelPerfect", "Unity.2D.PixelPerfect.csproj", "{2930E48A-F635-758A-B478-8385EFA0DB92}"
EndProject
Project("{FAE04EC0-301F-11D3-BF4B-00C04F79EFBC}") = "Unity.InputSystem.TestFramework", "Unity.InputSystem.TestFramework.csproj", "{D02C4871-A6F3-E4C3-BF53-912C485373CE}"
EndProject
Project("{FAE04EC0-301F-11D3-BF4B-00C04F79EFBC}") = "Unity.2D.Common.Runtime", "Unity.2D.Common.Runtime.csproj", "{0B77F2C9-F152-00ED-E7EE-F8F95AF9E08A}"
EndProject
Project("{FAE04EC0-301F-11D3-BF4B-00C04F79EFBC}") = "Unity.InternalAPIEngineBridge.001", "Unity.InternalAPIEngineBridge.001.csproj", "{714796EC-7D67-CE73-EAD4-D0C3887C5F2C}"
EndProject
Project("{FAE04EC0-301F-11D3-BF4B-00C04F79EFBC}") = "FMODUnity", "FMODUnity.csproj", "{B1DCF1A4-43C0-9440-3EC2-FBD6C29782E9}"
EndProject
Project("{FAE04EC0-301F-11D3-BF4B-00C04F79EFBC}") = "FMODUnityResonance", "FMODUnityResonance.csproj", "{0B9A6C4A-AF54-130F-A817-6B7327F2764E}"
EndProject
Project("{FAE04EC0-301F-11D3-BF4B-00C04F79EFBC}") = "Unity.Timeline.Editor", "Unity.Timeline.Editor.csproj", "{5248FD0F-6EF4-09E9-37C2-216FD8838A34}"
EndProject
Project("{FAE04EC0-301F-11D3-BF4B-00C04F79EFBC}") = "Unity.TextMeshPro.Editor", "Unity.TextMeshPro.Editor.csproj", "{22619ACD-56AB-39F9-ED56-6E4CD3364958}"
EndProject
Project("{FAE04EC0-301F-11D3-BF4B-00C04F79EFBC}") = "UnityEditor.TestRunner", "UnityEditor.TestRunner.csproj", "{8482858A-6692-152B-6929-98E9AC021670}"
EndProject
Project("{FAE04EC0-301F-11D3-BF4B-00C04F79EFBC}") = "Unity.PlasticSCM.Editor", "Unity.PlasticSCM.Editor.csproj", "{9C2D16A9-BF06-9B28-BD33-AF93E18AD582}"
EndProject
Project("{FAE04EC0-301F-11D3-BF4B-00C04F79EFBC}") = "UnityEditor.UI", "UnityEditor.UI.csproj", "{9CB3B765-C4F7-6DFF-BF41-F01D8C8CE9C9}"
EndProject
Project("{FAE04EC0-301F-11D3-BF4B-00C04F79EFBC}") = "Unity.VisualStudio.Editor", "Unity.VisualStudio.Editor.csproj", "{6422C7E8-19E0-CC22-195D-7258C5557D17}"
EndProject
Project("{FAE04EC0-301F-11D3-BF4B-00C04F79EFBC}") = "com.unity.cinemachine.editor", "com.unity.cinemachine.editor.csproj", "{B4646C93-0A5D-D6EC-DC6B-48322D870B84}"
EndProject
Project("{FAE04EC0-301F-11D3-BF4B-00C04F79EFBC}") = "Unity.2D.Animation.Triangle.Editor", "Unity.2D.Animation.Triangle.Editor.csproj", "{82BEE782-55D3-2ED5-E6F9-0C3998F84906}"
EndProject
Project("{FAE04EC0-301F-11D3-BF4B-00C04F79EFBC}") = "Unity.2D.Psdimporter.Editor", "Unity.2D.Psdimporter.Editor.csproj", "{07598C5A-FCC3-5A58-1C3E-C321478C8C72}"
EndProject
Project("{FAE04EC0-301F-11D3-BF4B-00C04F79EFBC}") = "Unity.2D.Animation.Editor", "Unity.2D.Animation.Editor.csproj", "{99CD1E13-D10E-A8A4-E836-0972C00DD6A8}"
EndProject
Project("{FAE04EC0-301F-11D3-BF4B-00C04F79EFBC}") = "Unity.2D.SpriteShape.Editor", "Unity.2D.SpriteShape.Editor.csproj", "{27F43F02-4D03-FD7D-3E80-D484C4458CC0}"
EndProject
Project("{FAE04EC0-301F-11D3-BF4B-00C04F79EFBC}") = "PsdPlugin", "PsdPlugin.csproj", "{95ECB715-92EE-52E4-5EE8-514CB4EC313A}"
EndProject
Project("{FAE04EC0-301F-11D3-BF4B-00C04F79EFBC}") = "Unity.2D.Path.Editor", "Unity.2D.Path.Editor.csproj", "{AEBF5657-C0D3-61DC-793E-23F9422B39B0}"
EndProject
Project("{FAE04EC0-301F-11D3-BF4B-00C04F79EFBC}") = "Unity.Rider.Editor", "Unity.Rider.Editor.csproj", "{A7F2C32F-BD76-4810-3644-4D4993B8CE0B}"
EndProject
Project("{FAE04EC0-301F-11D3-BF4B-00C04F79EFBC}") = "Assembly-CSharp-Editor", "Assembly-CSharp-Editor.csproj", "{E8131769-A345-7FD5-FEED-B57CB47737C8}"
EndProject
Project("{FAE04EC0-301F-11D3-BF4B-00C04F79EFBC}") = "Unity.2D.IK.Editor", "Unity.2D.IK.Editor.csproj", "{5D862DA7-6C45-E46F-7B65-228ED2930A59}"
EndProject
Project("{FAE04EC0-301F-11D3-BF4B-00C04F79EFBC}") = "Unity.2D.Sprite.Editor", "Unity.2D.Sprite.Editor.csproj", "{EBED5666-17C2-3068-5C8D-A8C22FB5B351}"
EndProject
Project("{FAE04EC0-301F-11D3-BF4B-00C04F79EFBC}") = "Unity.2D.Tilemap.Editor", "Unity.2D.Tilemap.Editor.csproj", "{71BDE946-9DE1-EE97-65EB-7773CA34E45D}"
EndProject
Project("{FAE04EC0-301F-11D3-BF4B-00C04F79EFBC}") = "Unity.2D.Tilemap.Extras.Editor", "Unity.2D.Tilemap.Extras.Editor.csproj", "{51578AA7-0700-E216-9253-F22275295B02}"
EndProject
Project("{FAE04EC0-301F-11D3-BF4B-00C04F79EFBC}") = "Unity.2D.PixelPerfect.Editor", "Unity.2D.PixelPerfect.Editor.csproj", "{41056C7A-E58E-1A59-492B-7885CACB1365}"
EndProject
Project("{FAE04EC0-301F-11D3-BF4B-00C04F79EFBC}") = "Unity.VSCode.Editor", "Unity.VSCode.Editor.csproj", "{76DE5CAA-94B5-254C-9AF3-E94EB1ACF910}"
EndProject
Project("{FAE04EC0-301F-11D3-BF4B-00C04F79EFBC}") = "Unity.2D.Common.Editor", "Unity.2D.Common.Editor.csproj", "{466491E0-66AC-A89C-053F-33FEF1CBC258}"
EndProject
Project("{FAE04EC0-301F-11D3-BF4B-00C04F79EFBC}") = "Unity.Mathematics.Editor", "Unity.Mathematics.Editor.csproj", "{99E0F4ED-96D3-1820-CDB7-B5E402792846}"
EndProject
Project("{FAE04EC0-301F-11D3-BF4B-00C04F79EFBC}") = "Unity.CollabProxy.Editor", "Unity.CollabProxy.Editor.csproj", "{0D4C3FED-0165-61D8-BC5A-AD27A30D65C1}"
EndProject
Project("{FAE04EC0-301F-11D3-BF4B-00C04F79EFBC}") = "Unity.InternalAPIEditorBridge.001", "Unity.InternalAPIEditorBridge.001.csproj", "{5A09194C-25D1-9F4A-D07F-BE66E43F3E12}"
EndProject
Project("{FAE04EC0-301F-11D3-BF4B-00C04F79EFBC}") = "FMODUnityEditor", "FMODUnityEditor.csproj", "{7F50F150-77A6-E6A1-71BF-A754B387DA3C}"
EndProject
Project("{FAE04EC0-301F-11D3-BF4B-00C04F79EFBC}") = "FMODUnityResonanceEditor", "FMODUnityResonanceEditor.csproj", "{53BECF23-CC25-17AD-FF53-D4308F7947BC}"
EndProject
Global
	GlobalSection(SolutionConfigurationPlatforms) = preSolution
		Debug|Any CPU = Debug|Any CPU
		Release|Any CPU = Release|Any CPU
	EndGlobalSection
	GlobalSection(ProjectConfigurationPlatforms) = postSolution
		{918E76FB-7A97-34AE-E183-CC4938EC7FBB}.Debug|Any CPU.ActiveCfg = Debug|Any CPU
		{918E76FB-7A97-34AE-E183-CC4938EC7FBB}.Debug|Any CPU.Build.0 = Debug|Any CPU
		{918E76FB-7A97-34AE-E183-CC4938EC7FBB}.Release|Any CPU.ActiveCfg = Release|Any CPU
		{918E76FB-7A97-34AE-E183-CC4938EC7FBB}.Release|Any CPU.Build.0 = Release|Any CPU
		{710541FA-2CDE-AFED-8040-796E32FF2FBC}.Debug|Any CPU.ActiveCfg = Debug|Any CPU
		{710541FA-2CDE-AFED-8040-796E32FF2FBC}.Debug|Any CPU.Build.0 = Debug|Any CPU
		{710541FA-2CDE-AFED-8040-796E32FF2FBC}.Release|Any CPU.ActiveCfg = Release|Any CPU
		{710541FA-2CDE-AFED-8040-796E32FF2FBC}.Release|Any CPU.Build.0 = Release|Any CPU
		{FB5A58C2-D733-8F8C-C6C4-754F97D315E0}.Debug|Any CPU.ActiveCfg = Debug|Any CPU
		{FB5A58C2-D733-8F8C-C6C4-754F97D315E0}.Debug|Any CPU.Build.0 = Debug|Any CPU
		{FB5A58C2-D733-8F8C-C6C4-754F97D315E0}.Release|Any CPU.ActiveCfg = Release|Any CPU
		{FB5A58C2-D733-8F8C-C6C4-754F97D315E0}.Release|Any CPU.Build.0 = Release|Any CPU
		{F698730B-3314-B9FF-70A2-B44FD02870C7}.Debug|Any CPU.ActiveCfg = Debug|Any CPU
		{F698730B-3314-B9FF-70A2-B44FD02870C7}.Debug|Any CPU.Build.0 = Debug|Any CPU
		{F698730B-3314-B9FF-70A2-B44FD02870C7}.Release|Any CPU.ActiveCfg = Release|Any CPU
		{F698730B-3314-B9FF-70A2-B44FD02870C7}.Release|Any CPU.Build.0 = Release|Any CPU
		{76F7FFB7-1A9E-699E-EAF3-9825AAF083FB}.Debug|Any CPU.ActiveCfg = Debug|Any CPU
		{76F7FFB7-1A9E-699E-EAF3-9825AAF083FB}.Debug|Any CPU.Build.0 = Debug|Any CPU
		{76F7FFB7-1A9E-699E-EAF3-9825AAF083FB}.Release|Any CPU.ActiveCfg = Release|Any CPU
		{76F7FFB7-1A9E-699E-EAF3-9825AAF083FB}.Release|Any CPU.Build.0 = Release|Any CPU
		{9DBEB4A1-1C6A-D42F-5A0F-FB81FDD96814}.Debug|Any CPU.ActiveCfg = Debug|Any CPU
		{9DBEB4A1-1C6A-D42F-5A0F-FB81FDD96814}.Debug|Any CPU.Build.0 = Debug|Any CPU
		{9DBEB4A1-1C6A-D42F-5A0F-FB81FDD96814}.Release|Any CPU.ActiveCfg = Release|Any CPU
		{9DBEB4A1-1C6A-D42F-5A0F-FB81FDD96814}.Release|Any CPU.Build.0 = Release|Any CPU
		{F355DCBA-6B85-EB3D-73B3-FCF269F93464}.Debug|Any CPU.ActiveCfg = Debug|Any CPU
		{F355DCBA-6B85-EB3D-73B3-FCF269F93464}.Debug|Any CPU.Build.0 = Debug|Any CPU
		{F355DCBA-6B85-EB3D-73B3-FCF269F93464}.Release|Any CPU.ActiveCfg = Release|Any CPU
		{F355DCBA-6B85-EB3D-73B3-FCF269F93464}.Release|Any CPU.Build.0 = Release|Any CPU
		{90AA7E6A-BF33-BB02-4DB8-BF9AF17C1794}.Debug|Any CPU.ActiveCfg = Debug|Any CPU
		{90AA7E6A-BF33-BB02-4DB8-BF9AF17C1794}.Debug|Any CPU.Build.0 = Debug|Any CPU
		{90AA7E6A-BF33-BB02-4DB8-BF9AF17C1794}.Release|Any CPU.ActiveCfg = Release|Any CPU
		{90AA7E6A-BF33-BB02-4DB8-BF9AF17C1794}.Release|Any CPU.Build.0 = Release|Any CPU
		{8BFE0491-A901-598C-564E-2DED426330D5}.Debug|Any CPU.ActiveCfg = Debug|Any CPU
		{8BFE0491-A901-598C-564E-2DED426330D5}.Debug|Any CPU.Build.0 = Debug|Any CPU
		{8BFE0491-A901-598C-564E-2DED426330D5}.Release|Any CPU.ActiveCfg = Release|Any CPU
		{8BFE0491-A901-598C-564E-2DED426330D5}.Release|Any CPU.Build.0 = Release|Any CPU
		{834C4C5A-9294-2B56-FCBE-342018C77399}.Debug|Any CPU.ActiveCfg = Debug|Any CPU
		{834C4C5A-9294-2B56-FCBE-342018C77399}.Debug|Any CPU.Build.0 = Debug|Any CPU
		{834C4C5A-9294-2B56-FCBE-342018C77399}.Release|Any CPU.ActiveCfg = Release|Any CPU
		{834C4C5A-9294-2B56-FCBE-342018C77399}.Release|Any CPU.Build.0 = Release|Any CPU
		{A52C39D8-5489-9295-A197-6869CC30F8B3}.Debug|Any CPU.ActiveCfg = Debug|Any CPU
		{A52C39D8-5489-9295-A197-6869CC30F8B3}.Debug|Any CPU.Build.0 = Debug|Any CPU
		{A52C39D8-5489-9295-A197-6869CC30F8B3}.Release|Any CPU.ActiveCfg = Release|Any CPU
		{A52C39D8-5489-9295-A197-6869CC30F8B3}.Release|Any CPU.Build.0 = Release|Any CPU
		{9BDB7DA4-73B6-027E-BA37-47FA9B0111FF}.Debug|Any CPU.ActiveCfg = Debug|Any CPU
		{9BDB7DA4-73B6-027E-BA37-47FA9B0111FF}.Debug|Any CPU.Build.0 = Debug|Any CPU
		{9BDB7DA4-73B6-027E-BA37-47FA9B0111FF}.Release|Any CPU.ActiveCfg = Release|Any CPU
		{9BDB7DA4-73B6-027E-BA37-47FA9B0111FF}.Release|Any CPU.Build.0 = Release|Any CPU
		{2930E48A-F635-758A-B478-8385EFA0DB92}.Debug|Any CPU.ActiveCfg = Debug|Any CPU
		{2930E48A-F635-758A-B478-8385EFA0DB92}.Debug|Any CPU.Build.0 = Debug|Any CPU
		{2930E48A-F635-758A-B478-8385EFA0DB92}.Release|Any CPU.ActiveCfg = Release|Any CPU
		{2930E48A-F635-758A-B478-8385EFA0DB92}.Release|Any CPU.Build.0 = Release|Any CPU
		{D02C4871-A6F3-E4C3-BF53-912C485373CE}.Debug|Any CPU.ActiveCfg = Debug|Any CPU
		{D02C4871-A6F3-E4C3-BF53-912C485373CE}.Debug|Any CPU.Build.0 = Debug|Any CPU
		{D02C4871-A6F3-E4C3-BF53-912C485373CE}.Release|Any CPU.ActiveCfg = Release|Any CPU
		{D02C4871-A6F3-E4C3-BF53-912C485373CE}.Release|Any CPU.Build.0 = Release|Any CPU
		{0B77F2C9-F152-00ED-E7EE-F8F95AF9E08A}.Debug|Any CPU.ActiveCfg = Debug|Any CPU
		{0B77F2C9-F152-00ED-E7EE-F8F95AF9E08A}.Debug|Any CPU.Build.0 = Debug|Any CPU
		{0B77F2C9-F152-00ED-E7EE-F8F95AF9E08A}.Release|Any CPU.ActiveCfg = Release|Any CPU
		{0B77F2C9-F152-00ED-E7EE-F8F95AF9E08A}.Release|Any CPU.Build.0 = Release|Any CPU
		{714796EC-7D67-CE73-EAD4-D0C3887C5F2C}.Debug|Any CPU.ActiveCfg = Debug|Any CPU
		{714796EC-7D67-CE73-EAD4-D0C3887C5F2C}.Debug|Any CPU.Build.0 = Debug|Any CPU
		{714796EC-7D67-CE73-EAD4-D0C3887C5F2C}.Release|Any CPU.ActiveCfg = Release|Any CPU
		{714796EC-7D67-CE73-EAD4-D0C3887C5F2C}.Release|Any CPU.Build.0 = Release|Any CPU
		{B1DCF1A4-43C0-9440-3EC2-FBD6C29782E9}.Debug|Any CPU.ActiveCfg = Debug|Any CPU
		{B1DCF1A4-43C0-9440-3EC2-FBD6C29782E9}.Debug|Any CPU.Build.0 = Debug|Any CPU
		{B1DCF1A4-43C0-9440-3EC2-FBD6C29782E9}.Release|Any CPU.ActiveCfg = Release|Any CPU
		{B1DCF1A4-43C0-9440-3EC2-FBD6C29782E9}.Release|Any CPU.Build.0 = Release|Any CPU
		{0B9A6C4A-AF54-130F-A817-6B7327F2764E}.Debug|Any CPU.ActiveCfg = Debug|Any CPU
		{0B9A6C4A-AF54-130F-A817-6B7327F2764E}.Debug|Any CPU.Build.0 = Debug|Any CPU
		{0B9A6C4A-AF54-130F-A817-6B7327F2764E}.Release|Any CPU.ActiveCfg = Release|Any CPU
		{0B9A6C4A-AF54-130F-A817-6B7327F2764E}.Release|Any CPU.Build.0 = Release|Any CPU
		{5248FD0F-6EF4-09E9-37C2-216FD8838A34}.Debug|Any CPU.ActiveCfg = Debug|Any CPU
		{5248FD0F-6EF4-09E9-37C2-216FD8838A34}.Debug|Any CPU.Build.0 = Debug|Any CPU
		{5248FD0F-6EF4-09E9-37C2-216FD8838A34}.Release|Any CPU.ActiveCfg = Release|Any CPU
		{5248FD0F-6EF4-09E9-37C2-216FD8838A34}.Release|Any CPU.Build.0 = Release|Any CPU
		{22619ACD-56AB-39F9-ED56-6E4CD3364958}.Debug|Any CPU.ActiveCfg = Debug|Any CPU
		{22619ACD-56AB-39F9-ED56-6E4CD3364958}.Debug|Any CPU.Build.0 = Debug|Any CPU
		{22619ACD-56AB-39F9-ED56-6E4CD3364958}.Release|Any CPU.ActiveCfg = Release|Any CPU
		{22619ACD-56AB-39F9-ED56-6E4CD3364958}.Release|Any CPU.Build.0 = Release|Any CPU
		{8482858A-6692-152B-6929-98E9AC021670}.Debug|Any CPU.ActiveCfg = Debug|Any CPU
		{8482858A-6692-152B-6929-98E9AC021670}.Debug|Any CPU.Build.0 = Debug|Any CPU
		{8482858A-6692-152B-6929-98E9AC021670}.Release|Any CPU.ActiveCfg = Release|Any CPU
		{8482858A-6692-152B-6929-98E9AC021670}.Release|Any CPU.Build.0 = Release|Any CPU
		{9C2D16A9-BF06-9B28-BD33-AF93E18AD582}.Debug|Any CPU.ActiveCfg = Debug|Any CPU
		{9C2D16A9-BF06-9B28-BD33-AF93E18AD582}.Debug|Any CPU.Build.0 = Debug|Any CPU
		{9C2D16A9-BF06-9B28-BD33-AF93E18AD582}.Release|Any CPU.ActiveCfg = Release|Any CPU
		{9C2D16A9-BF06-9B28-BD33-AF93E18AD582}.Release|Any CPU.Build.0 = Release|Any CPU
		{9CB3B765-C4F7-6DFF-BF41-F01D8C8CE9C9}.Debug|Any CPU.ActiveCfg = Debug|Any CPU
		{9CB3B765-C4F7-6DFF-BF41-F01D8C8CE9C9}.Debug|Any CPU.Build.0 = Debug|Any CPU
		{9CB3B765-C4F7-6DFF-BF41-F01D8C8CE9C9}.Release|Any CPU.ActiveCfg = Release|Any CPU
		{9CB3B765-C4F7-6DFF-BF41-F01D8C8CE9C9}.Release|Any CPU.Build.0 = Release|Any CPU
		{6422C7E8-19E0-CC22-195D-7258C5557D17}.Debug|Any CPU.ActiveCfg = Debug|Any CPU
		{6422C7E8-19E0-CC22-195D-7258C5557D17}.Debug|Any CPU.Build.0 = Debug|Any CPU
		{6422C7E8-19E0-CC22-195D-7258C5557D17}.Release|Any CPU.ActiveCfg = Release|Any CPU
		{6422C7E8-19E0-CC22-195D-7258C5557D17}.Release|Any CPU.Build.0 = Release|Any CPU
		{B4646C93-0A5D-D6EC-DC6B-48322D870B84}.Debug|Any CPU.ActiveCfg = Debug|Any CPU
		{B4646C93-0A5D-D6EC-DC6B-48322D870B84}.Debug|Any CPU.Build.0 = Debug|Any CPU
		{B4646C93-0A5D-D6EC-DC6B-48322D870B84}.Release|Any CPU.ActiveCfg = Release|Any CPU
		{B4646C93-0A5D-D6EC-DC6B-48322D870B84}.Release|Any CPU.Build.0 = Release|Any CPU
		{82BEE782-55D3-2ED5-E6F9-0C3998F84906}.Debug|Any CPU.ActiveCfg = Debug|Any CPU
		{82BEE782-55D3-2ED5-E6F9-0C3998F84906}.Debug|Any CPU.Build.0 = Debug|Any CPU
		{82BEE782-55D3-2ED5-E6F9-0C3998F84906}.Release|Any CPU.ActiveCfg = Release|Any CPU
		{82BEE782-55D3-2ED5-E6F9-0C3998F84906}.Release|Any CPU.Build.0 = Release|Any CPU
		{07598C5A-FCC3-5A58-1C3E-C321478C8C72}.Debug|Any CPU.ActiveCfg = Debug|Any CPU
		{07598C5A-FCC3-5A58-1C3E-C321478C8C72}.Debug|Any CPU.Build.0 = Debug|Any CPU
		{07598C5A-FCC3-5A58-1C3E-C321478C8C72}.Release|Any CPU.ActiveCfg = Release|Any CPU
		{07598C5A-FCC3-5A58-1C3E-C321478C8C72}.Release|Any CPU.Build.0 = Release|Any CPU
		{99CD1E13-D10E-A8A4-E836-0972C00DD6A8}.Debug|Any CPU.ActiveCfg = Debug|Any CPU
		{99CD1E13-D10E-A8A4-E836-0972C00DD6A8}.Debug|Any CPU.Build.0 = Debug|Any CPU
		{99CD1E13-D10E-A8A4-E836-0972C00DD6A8}.Release|Any CPU.ActiveCfg = Release|Any CPU
		{99CD1E13-D10E-A8A4-E836-0972C00DD6A8}.Release|Any CPU.Build.0 = Release|Any CPU
		{27F43F02-4D03-FD7D-3E80-D484C4458CC0}.Debug|Any CPU.ActiveCfg = Debug|Any CPU
		{27F43F02-4D03-FD7D-3E80-D484C4458CC0}.Debug|Any CPU.Build.0 = Debug|Any CPU
		{27F43F02-4D03-FD7D-3E80-D484C4458CC0}.Release|Any CPU.ActiveCfg = Release|Any CPU
		{27F43F02-4D03-FD7D-3E80-D484C4458CC0}.Release|Any CPU.Build.0 = Release|Any CPU
		{95ECB715-92EE-52E4-5EE8-514CB4EC313A}.Debug|Any CPU.ActiveCfg = Debug|Any CPU
		{95ECB715-92EE-52E4-5EE8-514CB4EC313A}.Debug|Any CPU.Build.0 = Debug|Any CPU
		{95ECB715-92EE-52E4-5EE8-514CB4EC313A}.Release|Any CPU.ActiveCfg = Release|Any CPU
		{95ECB715-92EE-52E4-5EE8-514CB4EC313A}.Release|Any CPU.Build.0 = Release|Any CPU
		{AEBF5657-C0D3-61DC-793E-23F9422B39B0}.Debug|Any CPU.ActiveCfg = Debug|Any CPU
		{AEBF5657-C0D3-61DC-793E-23F9422B39B0}.Debug|Any CPU.Build.0 = Debug|Any CPU
		{AEBF5657-C0D3-61DC-793E-23F9422B39B0}.Release|Any CPU.ActiveCfg = Release|Any CPU
		{AEBF5657-C0D3-61DC-793E-23F9422B39B0}.Release|Any CPU.Build.0 = Release|Any CPU
		{A7F2C32F-BD76-4810-3644-4D4993B8CE0B}.Debug|Any CPU.ActiveCfg = Debug|Any CPU
		{A7F2C32F-BD76-4810-3644-4D4993B8CE0B}.Debug|Any CPU.Build.0 = Debug|Any CPU
		{A7F2C32F-BD76-4810-3644-4D4993B8CE0B}.Release|Any CPU.ActiveCfg = Release|Any CPU
		{A7F2C32F-BD76-4810-3644-4D4993B8CE0B}.Release|Any CPU.Build.0 = Release|Any CPU
		{E8131769-A345-7FD5-FEED-B57CB47737C8}.Debug|Any CPU.ActiveCfg = Debug|Any CPU
		{E8131769-A345-7FD5-FEED-B57CB47737C8}.Debug|Any CPU.Build.0 = Debug|Any CPU
		{E8131769-A345-7FD5-FEED-B57CB47737C8}.Release|Any CPU.ActiveCfg = Release|Any CPU
		{E8131769-A345-7FD5-FEED-B57CB47737C8}.Release|Any CPU.Build.0 = Release|Any CPU
		{5D862DA7-6C45-E46F-7B65-228ED2930A59}.Debug|Any CPU.ActiveCfg = Debug|Any CPU
		{5D862DA7-6C45-E46F-7B65-228ED2930A59}.Debug|Any CPU.Build.0 = Debug|Any CPU
		{5D862DA7-6C45-E46F-7B65-228ED2930A59}.Release|Any CPU.ActiveCfg = Release|Any CPU
		{5D862DA7-6C45-E46F-7B65-228ED2930A59}.Release|Any CPU.Build.0 = Release|Any CPU
		{EBED5666-17C2-3068-5C8D-A8C22FB5B351}.Debug|Any CPU.ActiveCfg = Debug|Any CPU
		{EBED5666-17C2-3068-5C8D-A8C22FB5B351}.Debug|Any CPU.Build.0 = Debug|Any CPU
		{EBED5666-17C2-3068-5C8D-A8C22FB5B351}.Release|Any CPU.ActiveCfg = Release|Any CPU
		{EBED5666-17C2-3068-5C8D-A8C22FB5B351}.Release|Any CPU.Build.0 = Release|Any CPU
		{71BDE946-9DE1-EE97-65EB-7773CA34E45D}.Debug|Any CPU.ActiveCfg = Debug|Any CPU
		{71BDE946-9DE1-EE97-65EB-7773CA34E45D}.Debug|Any CPU.Build.0 = Debug|Any CPU
		{71BDE946-9DE1-EE97-65EB-7773CA34E45D}.Release|Any CPU.ActiveCfg = Release|Any CPU
		{71BDE946-9DE1-EE97-65EB-7773CA34E45D}.Release|Any CPU.Build.0 = Release|Any CPU
		{51578AA7-0700-E216-9253-F22275295B02}.Debug|Any CPU.ActiveCfg = Debug|Any CPU
		{51578AA7-0700-E216-9253-F22275295B02}.Debug|Any CPU.Build.0 = Debug|Any CPU
		{51578AA7-0700-E216-9253-F22275295B02}.Release|Any CPU.ActiveCfg = Release|Any CPU
		{51578AA7-0700-E216-9253-F22275295B02}.Release|Any CPU.Build.0 = Release|Any CPU
		{41056C7A-E58E-1A59-492B-7885CACB1365}.Debug|Any CPU.ActiveCfg = Debug|Any CPU
		{41056C7A-E58E-1A59-492B-7885CACB1365}.Debug|Any CPU.Build.0 = Debug|Any CPU
		{41056C7A-E58E-1A59-492B-7885CACB1365}.Release|Any CPU.ActiveCfg = Release|Any CPU
		{41056C7A-E58E-1A59-492B-7885CACB1365}.Release|Any CPU.Build.0 = Release|Any CPU
		{76DE5CAA-94B5-254C-9AF3-E94EB1ACF910}.Debug|Any CPU.ActiveCfg = Debug|Any CPU
		{76DE5CAA-94B5-254C-9AF3-E94EB1ACF910}.Debug|Any CPU.Build.0 = Debug|Any CPU
		{76DE5CAA-94B5-254C-9AF3-E94EB1ACF910}.Release|Any CPU.ActiveCfg = Release|Any CPU
		{76DE5CAA-94B5-254C-9AF3-E94EB1ACF910}.Release|Any CPU.Build.0 = Release|Any CPU
		{466491E0-66AC-A89C-053F-33FEF1CBC258}.Debug|Any CPU.ActiveCfg = Debug|Any CPU
		{466491E0-66AC-A89C-053F-33FEF1CBC258}.Debug|Any CPU.Build.0 = Debug|Any CPU
		{466491E0-66AC-A89C-053F-33FEF1CBC258}.Release|Any CPU.ActiveCfg = Release|Any CPU
		{466491E0-66AC-A89C-053F-33FEF1CBC258}.Release|Any CPU.Build.0 = Release|Any CPU
		{99E0F4ED-96D3-1820-CDB7-B5E402792846}.Debug|Any CPU.ActiveCfg = Debug|Any CPU
		{99E0F4ED-96D3-1820-CDB7-B5E402792846}.Debug|Any CPU.Build.0 = Debug|Any CPU
		{99E0F4ED-96D3-1820-CDB7-B5E402792846}.Release|Any CPU.ActiveCfg = Release|Any CPU
		{99E0F4ED-96D3-1820-CDB7-B5E402792846}.Release|Any CPU.Build.0 = Release|Any CPU
		{0D4C3FED-0165-61D8-BC5A-AD27A30D65C1}.Debug|Any CPU.ActiveCfg = Debug|Any CPU
		{0D4C3FED-0165-61D8-BC5A-AD27A30D65C1}.Debug|Any CPU.Build.0 = Debug|Any CPU
		{0D4C3FED-0165-61D8-BC5A-AD27A30D65C1}.Release|Any CPU.ActiveCfg = Release|Any CPU
		{0D4C3FED-0165-61D8-BC5A-AD27A30D65C1}.Release|Any CPU.Build.0 = Release|Any CPU
		{5A09194C-25D1-9F4A-D07F-BE66E43F3E12}.Debug|Any CPU.ActiveCfg = Debug|Any CPU
		{5A09194C-25D1-9F4A-D07F-BE66E43F3E12}.Debug|Any CPU.Build.0 = Debug|Any CPU
		{5A09194C-25D1-9F4A-D07F-BE66E43F3E12}.Release|Any CPU.ActiveCfg = Release|Any CPU
		{5A09194C-25D1-9F4A-D07F-BE66E43F3E12}.Release|Any CPU.Build.0 = Release|Any CPU
		{7F50F150-77A6-E6A1-71BF-A754B387DA3C}.Debug|Any CPU.ActiveCfg = Debug|Any CPU
		{7F50F150-77A6-E6A1-71BF-A754B387DA3C}.Debug|Any CPU.Build.0 = Debug|Any CPU
		{7F50F150-77A6-E6A1-71BF-A754B387DA3C}.Release|Any CPU.ActiveCfg = Release|Any CPU
		{7F50F150-77A6-E6A1-71BF-A754B387DA3C}.Release|Any CPU.Build.0 = Release|Any CPU
		{53BECF23-CC25-17AD-FF53-D4308F7947BC}.Debug|Any CPU.ActiveCfg = Debug|Any CPU
		{53BECF23-CC25-17AD-FF53-D4308F7947BC}.Debug|Any CPU.Build.0 = Debug|Any CPU
		{53BECF23-CC25-17AD-FF53-D4308F7947BC}.Release|Any CPU.ActiveCfg = Release|Any CPU
		{53BECF23-CC25-17AD-FF53-D4308F7947BC}.Release|Any CPU.Build.0 = Release|Any CPU
	EndGlobalSection
	GlobalSection(SolutionProperties) = preSolution
		HideSolutionNode = FALSE
	EndGlobalSection
EndGlobal
